
Microsoft Visual Studio Solution File, Format Version 12.00
# Visual Studio 11
Project("{FAE04EC0-301F-11D3-BF4B-00C04F79EFBC}") = "LinqМассив", "LinqМассив\LinqМассив.csproj", "{6C17A1BF-88EA-472D-BF42-1CBEB31371DC}"
EndProject
Global
	GlobalSection(SolutionConfigurationPlatforms) = preSolution
		Debug|Any CPU = Debug|Any CPU
		Release|Any CPU = Release|Any CPU
	EndGlobalSection
	GlobalSection(ProjectConfigurationPlatforms) = postSolution
		{6C17A1BF-88EA-472D-BF42-1CBEB31371DC}.Debug|Any CPU.ActiveCfg = Debug|Any CPU
		{6C17A1BF-88EA-472D-BF42-1CBEB31371DC}.Debug|Any CPU.Build.0 = Debug|Any CPU
		{6C17A1BF-88EA-472D-BF42-1CBEB31371DC}.Release|Any CPU.ActiveCfg = Release|Any CPU
		{6C17A1BF-88EA-472D-BF42-1CBEB31371DC}.Release|Any CPU.Build.0 = Release|Any CPU
	EndGlobalSection
	GlobalSection(SolutionProperties) = preSolution
		HideSolutionNode = FALSE
	EndGlobalSection
EndGlobal
