
Microsoft Visual Studio Solution File, Format Version 12.00
# Visual Studio 2012
Project("{FAE04EC0-301F-11D3-BF4B-00C04F79EFBC}") = "001_InputOutput", "InputOutput\001_InputOutput.csproj", "{A532959C-DB9E-4933-BD33-1F15C882285B}"
EndProject
Project("{FAE04EC0-301F-11D3-BF4B-00C04F79EFBC}") = "002_InputOutput", "InputOutput2\002_InputOutput.csproj", "{D16F1CE5-4594-4CD3-8D60-235A381F51A5}"
EndProject
Project("{FAE04EC0-301F-11D3-BF4B-00C04F79EFBC}") = "003_InputOutput", "InputOutput3\003_InputOutput.csproj", "{36754227-3B5A-4C5C-9E1D-B1427D9BC451}"
EndProject
Project("{FAE04EC0-301F-11D3-BF4B-00C04F79EFBC}") = "004_InputOutput", "InputOutput4\004_InputOutput.csproj", "{FC2A6FF7-6226-48E6-9A33-318F99FB0F8C}"
EndProject
Project("{FAE04EC0-301F-11D3-BF4B-00C04F79EFBC}") = "005_InputOutput", "InputOutput5\005_InputOutput.csproj", "{827529F3-281D-44EF-8725-1354201AB446}"
EndProject
Project("{FAE04EC0-301F-11D3-BF4B-00C04F79EFBC}") = "006_InputOutput", "InputOutput6\006_InputOutput.csproj", "{5EBD9985-85A8-4770-9E87-FC57F2070605}"
EndProject
Project("{FAE04EC0-301F-11D3-BF4B-00C04F79EFBC}") = "007_InputOutput", "InputOutput7\007_InputOutput.csproj", "{A1B5A4F5-7A37-49C5-9E43-5949D78775E4}"
EndProject
Project("{FAE04EC0-301F-11D3-BF4B-00C04F79EFBC}") = "008_InputOutput", "InputOutput8\008_InputOutput.csproj", "{6E60B74D-E1BB-4939-B3F4-70E581424605}"
EndProject
Project("{FAE04EC0-301F-11D3-BF4B-00C04F79EFBC}") = "009_InputOutput", "InputOutput9\009_InputOutput.csproj", "{E14F0A0B-FF43-43C9-8E3C-57DA588C4064}"
EndProject
Project("{FAE04EC0-301F-11D3-BF4B-00C04F79EFBC}") = "010_InputOutput", "InputOutput10\010_InputOutput.csproj", "{D46119C9-3DCD-43CD-9384-168FFA0890C2}"
EndProject
Global
	GlobalSection(SolutionConfigurationPlatforms) = preSolution
		Debug|Any CPU = Debug|Any CPU
		Debug|Mixed Platforms = Debug|Mixed Platforms
		Debug|x86 = Debug|x86
		Release|Any CPU = Release|Any CPU
		Release|Mixed Platforms = Release|Mixed Platforms
		Release|x86 = Release|x86
	EndGlobalSection
	GlobalSection(ProjectConfigurationPlatforms) = postSolution
		{A532959C-DB9E-4933-BD33-1F15C882285B}.Debug|Any CPU.ActiveCfg = Debug|x86
		{A532959C-DB9E-4933-BD33-1F15C882285B}.Debug|Mixed Platforms.ActiveCfg = Debug|x86
		{A532959C-DB9E-4933-BD33-1F15C882285B}.Debug|Mixed Platforms.Build.0 = Debug|x86
		{A532959C-DB9E-4933-BD33-1F15C882285B}.Debug|x86.ActiveCfg = Debug|x86
		{A532959C-DB9E-4933-BD33-1F15C882285B}.Debug|x86.Build.0 = Debug|x86
		{A532959C-DB9E-4933-BD33-1F15C882285B}.Release|Any CPU.ActiveCfg = Release|x86
		{A532959C-DB9E-4933-BD33-1F15C882285B}.Release|Mixed Platforms.ActiveCfg = Release|x86
		{A532959C-DB9E-4933-BD33-1F15C882285B}.Release|Mixed Platforms.Build.0 = Release|x86
		{A532959C-DB9E-4933-BD33-1F15C882285B}.Release|x86.ActiveCfg = Release|x86
		{A532959C-DB9E-4933-BD33-1F15C882285B}.Release|x86.Build.0 = Release|x86
		{D16F1CE5-4594-4CD3-8D60-235A381F51A5}.Debug|Any CPU.ActiveCfg = Debug|x86
		{D16F1CE5-4594-4CD3-8D60-235A381F51A5}.Debug|Mixed Platforms.ActiveCfg = Debug|x86
		{D16F1CE5-4594-4CD3-8D60-235A381F51A5}.Debug|Mixed Platforms.Build.0 = Debug|x86
		{D16F1CE5-4594-4CD3-8D60-235A381F51A5}.Debug|x86.ActiveCfg = Debug|x86
		{D16F1CE5-4594-4CD3-8D60-235A381F51A5}.Debug|x86.Build.0 = Debug|x86
		{D16F1CE5-4594-4CD3-8D60-235A381F51A5}.Release|Any CPU.ActiveCfg = Release|x86
		{D16F1CE5-4594-4CD3-8D60-235A381F51A5}.Release|Mixed Platforms.ActiveCfg = Release|x86
		{D16F1CE5-4594-4CD3-8D60-235A381F51A5}.Release|Mixed Platforms.Build.0 = Release|x86
		{D16F1CE5-4594-4CD3-8D60-235A381F51A5}.Release|x86.ActiveCfg = Release|x86
		{D16F1CE5-4594-4CD3-8D60-235A381F51A5}.Release|x86.Build.0 = Release|x86
		{36754227-3B5A-4C5C-9E1D-B1427D9BC451}.Debug|Any CPU.ActiveCfg = Debug|x86
		{36754227-3B5A-4C5C-9E1D-B1427D9BC451}.Debug|Mixed Platforms.ActiveCfg = Debug|x86
		{36754227-3B5A-4C5C-9E1D-B1427D9BC451}.Debug|Mixed Platforms.Build.0 = Debug|x86
		{36754227-3B5A-4C5C-9E1D-B1427D9BC451}.Debug|x86.ActiveCfg = Debug|x86
		{36754227-3B5A-4C5C-9E1D-B1427D9BC451}.Debug|x86.Build.0 = Debug|x86
		{36754227-3B5A-4C5C-9E1D-B1427D9BC451}.Release|Any CPU.ActiveCfg = Release|x86
		{36754227-3B5A-4C5C-9E1D-B1427D9BC451}.Release|Mixed Platforms.ActiveCfg = Release|x86
		{36754227-3B5A-4C5C-9E1D-B1427D9BC451}.Release|Mixed Platforms.Build.0 = Release|x86
		{36754227-3B5A-4C5C-9E1D-B1427D9BC451}.Release|x86.ActiveCfg = Release|x86
		{36754227-3B5A-4C5C-9E1D-B1427D9BC451}.Release|x86.Build.0 = Release|x86
		{FC2A6FF7-6226-48E6-9A33-318F99FB0F8C}.Debug|Any CPU.ActiveCfg = Debug|x86
		{FC2A6FF7-6226-48E6-9A33-318F99FB0F8C}.Debug|Mixed Platforms.ActiveCfg = Debug|x86
		{FC2A6FF7-6226-48E6-9A33-318F99FB0F8C}.Debug|Mixed Platforms.Build.0 = Debug|x86
		{FC2A6FF7-6226-48E6-9A33-318F99FB0F8C}.Debug|x86.ActiveCfg = Debug|x86
		{FC2A6FF7-6226-48E6-9A33-318F99FB0F8C}.Debug|x86.Build.0 = Debug|x86
		{FC2A6FF7-6226-48E6-9A33-318F99FB0F8C}.Release|Any CPU.ActiveCfg = Release|x86
		{FC2A6FF7-6226-48E6-9A33-318F99FB0F8C}.Release|Mixed Platforms.ActiveCfg = Release|x86
		{FC2A6FF7-6226-48E6-9A33-318F99FB0F8C}.Release|Mixed Platforms.Build.0 = Release|x86
		{FC2A6FF7-6226-48E6-9A33-318F99FB0F8C}.Release|x86.ActiveCfg = Release|x86
		{FC2A6FF7-6226-48E6-9A33-318F99FB0F8C}.Release|x86.Build.0 = Release|x86
		{827529F3-281D-44EF-8725-1354201AB446}.Debug|Any CPU.ActiveCfg = Debug|x86
		{827529F3-281D-44EF-8725-1354201AB446}.Debug|Mixed Platforms.ActiveCfg = Debug|x86
		{827529F3-281D-44EF-8725-1354201AB446}.Debug|Mixed Platforms.Build.0 = Debug|x86
		{827529F3-281D-44EF-8725-1354201AB446}.Debug|x86.ActiveCfg = Debug|x86
		{827529F3-281D-44EF-8725-1354201AB446}.Debug|x86.Build.0 = Debug|x86
		{827529F3-281D-44EF-8725-1354201AB446}.Release|Any CPU.ActiveCfg = Release|x86
		{827529F3-281D-44EF-8725-1354201AB446}.Release|Mixed Platforms.ActiveCfg = Release|x86
		{827529F3-281D-44EF-8725-1354201AB446}.Release|Mixed Platforms.Build.0 = Release|x86
		{827529F3-281D-44EF-8725-1354201AB446}.Release|x86.ActiveCfg = Release|x86
		{827529F3-281D-44EF-8725-1354201AB446}.Release|x86.Build.0 = Release|x86
		{5EBD9985-85A8-4770-9E87-FC57F2070605}.Debug|Any CPU.ActiveCfg = Debug|x86
		{5EBD9985-85A8-4770-9E87-FC57F2070605}.Debug|Mixed Platforms.ActiveCfg = Debug|x86
		{5EBD9985-85A8-4770-9E87-FC57F2070605}.Debug|Mixed Platforms.Build.0 = Debug|x86
		{5EBD9985-85A8-4770-9E87-FC57F2070605}.Debug|x86.ActiveCfg = Debug|x86
		{5EBD9985-85A8-4770-9E87-FC57F2070605}.Debug|x86.Build.0 = Debug|x86
		{5EBD9985-85A8-4770-9E87-FC57F2070605}.Release|Any CPU.ActiveCfg = Release|x86
		{5EBD9985-85A8-4770-9E87-FC57F2070605}.Release|Mixed Platforms.ActiveCfg = Release|x86
		{5EBD9985-85A8-4770-9E87-FC57F2070605}.Release|Mixed Platforms.Build.0 = Release|x86
		{5EBD9985-85A8-4770-9E87-FC57F2070605}.Release|x86.ActiveCfg = Release|x86
		{5EBD9985-85A8-4770-9E87-FC57F2070605}.Release|x86.Build.0 = Release|x86
		{A1B5A4F5-7A37-49C5-9E43-5949D78775E4}.Debug|Any CPU.ActiveCfg = Debug|x86
		{A1B5A4F5-7A37-49C5-9E43-5949D78775E4}.Debug|Mixed Platforms.ActiveCfg = Debug|x86
		{A1B5A4F5-7A37-49C5-9E43-5949D78775E4}.Debug|Mixed Platforms.Build.0 = Debug|x86
		{A1B5A4F5-7A37-49C5-9E43-5949D78775E4}.Debug|x86.ActiveCfg = Debug|x86
		{A1B5A4F5-7A37-49C5-9E43-5949D78775E4}.Debug|x86.Build.0 = Debug|x86
		{A1B5A4F5-7A37-49C5-9E43-5949D78775E4}.Release|Any CPU.ActiveCfg = Release|x86
		{A1B5A4F5-7A37-49C5-9E43-5949D78775E4}.Release|Mixed Platforms.ActiveCfg = Release|x86
		{A1B5A4F5-7A37-49C5-9E43-5949D78775E4}.Release|Mixed Platforms.Build.0 = Release|x86
		{A1B5A4F5-7A37-49C5-9E43-5949D78775E4}.Release|x86.ActiveCfg = Release|x86
		{A1B5A4F5-7A37-49C5-9E43-5949D78775E4}.Release|x86.Build.0 = Release|x86
		{6E60B74D-E1BB-4939-B3F4-70E581424605}.Debug|Any CPU.ActiveCfg = Debug|x86
		{6E60B74D-E1BB-4939-B3F4-70E581424605}.Debug|Mixed Platforms.ActiveCfg = Debug|x86
		{6E60B74D-E1BB-4939-B3F4-70E581424605}.Debug|Mixed Platforms.Build.0 = Debug|x86
		{6E60B74D-E1BB-4939-B3F4-70E581424605}.Debug|x86.ActiveCfg = Debug|x86
		{6E60B74D-E1BB-4939-B3F4-70E581424605}.Debug|x86.Build.0 = Debug|x86
		{6E60B74D-E1BB-4939-B3F4-70E581424605}.Release|Any CPU.ActiveCfg = Release|x86
		{6E60B74D-E1BB-4939-B3F4-70E581424605}.Release|Mixed Platforms.ActiveCfg = Release|x86
		{6E60B74D-E1BB-4939-B3F4-70E581424605}.Release|Mixed Platforms.Build.0 = Release|x86
		{6E60B74D-E1BB-4939-B3F4-70E581424605}.Release|x86.ActiveCfg = Release|x86
		{6E60B74D-E1BB-4939-B3F4-70E581424605}.Release|x86.Build.0 = Release|x86
		{E14F0A0B-FF43-43C9-8E3C-57DA588C4064}.Debug|Any CPU.ActiveCfg = Debug|x86
		{E14F0A0B-FF43-43C9-8E3C-57DA588C4064}.Debug|Mixed Platforms.ActiveCfg = Debug|x86
		{E14F0A0B-FF43-43C9-8E3C-57DA588C4064}.Debug|Mixed Platforms.Build.0 = Debug|x86
		{E14F0A0B-FF43-43C9-8E3C-57DA588C4064}.Debug|x86.ActiveCfg = Debug|x86
		{E14F0A0B-FF43-43C9-8E3C-57DA588C4064}.Debug|x86.Build.0 = Debug|x86
		{E14F0A0B-FF43-43C9-8E3C-57DA588C4064}.Release|Any CPU.ActiveCfg = Release|x86
		{E14F0A0B-FF43-43C9-8E3C-57DA588C4064}.Release|Mixed Platforms.ActiveCfg = Release|x86
		{E14F0A0B-FF43-43C9-8E3C-57DA588C4064}.Release|Mixed Platforms.Build.0 = Release|x86
		{E14F0A0B-FF43-43C9-8E3C-57DA588C4064}.Release|x86.ActiveCfg = Release|x86
		{E14F0A0B-FF43-43C9-8E3C-57DA588C4064}.Release|x86.Build.0 = Release|x86
		{D46119C9-3DCD-43CD-9384-168FFA0890C2}.Debug|Any CPU.ActiveCfg = Debug|x86
		{D46119C9-3DCD-43CD-9384-168FFA0890C2}.Debug|Mixed Platforms.ActiveCfg = Debug|x86
		{D46119C9-3DCD-43CD-9384-168FFA0890C2}.Debug|Mixed Platforms.Build.0 = Debug|x86
		{D46119C9-3DCD-43CD-9384-168FFA0890C2}.Debug|x86.ActiveCfg = Debug|x86
		{D46119C9-3DCD-43CD-9384-168FFA0890C2}.Debug|x86.Build.0 = Debug|x86
		{D46119C9-3DCD-43CD-9384-168FFA0890C2}.Release|Any CPU.ActiveCfg = Release|x86
		{D46119C9-3DCD-43CD-9384-168FFA0890C2}.Release|Mixed Platforms.ActiveCfg = Release|x86
		{D46119C9-3DCD-43CD-9384-168FFA0890C2}.Release|Mixed Platforms.Build.0 = Release|x86
		{D46119C9-3DCD-43CD-9384-168FFA0890C2}.Release|x86.ActiveCfg = Release|x86
		{D46119C9-3DCD-43CD-9384-168FFA0890C2}.Release|x86.Build.0 = Release|x86
	EndGlobalSection
	GlobalSection(SolutionProperties) = preSolution
		HideSolutionNode = FALSE
	EndGlobalSection
EndGlobal
