
Microsoft Visual Studio Solution File, Format Version 11.00
# Visual Studio 2010
Project("{FAE04EC0-301F-11D3-BF4B-00C04F79EFBC}") = "ICloneableWork", "ICloneableWork\ICloneableWork.csproj", "{3496E8B9-C88B-4B44-9694-1FFED6C9B07D}"
EndProject
Global
	GlobalSection(SolutionConfigurationPlatforms) = preSolution
		Debug|Any CPU = Debug|Any CPU
		Release|Any CPU = Release|Any CPU
	EndGlobalSection
	GlobalSection(ProjectConfigurationPlatforms) = postSolution
		{3496E8B9-C88B-4B44-9694-1FFED6C9B07D}.Debug|Any CPU.ActiveCfg = Debug|Any CPU
		{3496E8B9-C88B-4B44-9694-1FFED6C9B07D}.Debug|Any CPU.Build.0 = Debug|Any CPU
		{3496E8B9-C88B-4B44-9694-1FFED6C9B07D}.Release|Any CPU.ActiveCfg = Release|Any CPU
		{3496E8B9-C88B-4B44-9694-1FFED6C9B07D}.Release|Any CPU.Build.0 = Release|Any CPU
	EndGlobalSection
	GlobalSection(SolutionProperties) = preSolution
		HideSolutionNode = FALSE
	EndGlobalSection
EndGlobal
