
Microsoft Visual Studio Solution File, Format Version 11.00
# Visual Studio 2010
Project("{FAE04EC0-301F-11D3-BF4B-00C04F79EFBC}") = "001_ArrayCovariant", "ArrayCovariant\001_ArrayCovariant.csproj", "{34D7575B-55BD-40C9-9B35-6DE9FF6F1193}"
EndProject
Project("{FAE04EC0-301F-11D3-BF4B-00C04F79EFBC}") = "002_Covariant", "ArrayCovariant2\002_Covariant.csproj", "{85674E4E-DF52-41E7-B55D-39D99B78BFD2}"
EndProject
Global
	GlobalSection(SolutionConfigurationPlatforms) = preSolution
		Debug|Any CPU = Debug|Any CPU
		Debug|Mixed Platforms = Debug|Mixed Platforms
		Debug|x86 = Debug|x86
		Release|Any CPU = Release|Any CPU
		Release|Mixed Platforms = Release|Mixed Platforms
		Release|x86 = Release|x86
	EndGlobalSection
	GlobalSection(ProjectConfigurationPlatforms) = postSolution
		{34D7575B-55BD-40C9-9B35-6DE9FF6F1193}.Debug|Any CPU.ActiveCfg = Debug|Any CPU
		{34D7575B-55BD-40C9-9B35-6DE9FF6F1193}.Debug|Any CPU.Build.0 = Debug|Any CPU
		{34D7575B-55BD-40C9-9B35-6DE9FF6F1193}.Debug|Mixed Platforms.ActiveCfg = Debug|Any CPU
		{34D7575B-55BD-40C9-9B35-6DE9FF6F1193}.Debug|Mixed Platforms.Build.0 = Debug|Any CPU
		{34D7575B-55BD-40C9-9B35-6DE9FF6F1193}.Debug|x86.ActiveCfg = Debug|Any CPU
		{34D7575B-55BD-40C9-9B35-6DE9FF6F1193}.Release|Any CPU.ActiveCfg = Release|Any CPU
		{34D7575B-55BD-40C9-9B35-6DE9FF6F1193}.Release|Any CPU.Build.0 = Release|Any CPU
		{34D7575B-55BD-40C9-9B35-6DE9FF6F1193}.Release|Mixed Platforms.ActiveCfg = Release|Any CPU
		{34D7575B-55BD-40C9-9B35-6DE9FF6F1193}.Release|Mixed Platforms.Build.0 = Release|Any CPU
		{34D7575B-55BD-40C9-9B35-6DE9FF6F1193}.Release|x86.ActiveCfg = Release|Any CPU
		{85674E4E-DF52-41E7-B55D-39D99B78BFD2}.Debug|Any CPU.ActiveCfg = Debug|x86
		{85674E4E-DF52-41E7-B55D-39D99B78BFD2}.Debug|Mixed Platforms.ActiveCfg = Debug|x86
		{85674E4E-DF52-41E7-B55D-39D99B78BFD2}.Debug|Mixed Platforms.Build.0 = Debug|x86
		{85674E4E-DF52-41E7-B55D-39D99B78BFD2}.Debug|x86.ActiveCfg = Debug|x86
		{85674E4E-DF52-41E7-B55D-39D99B78BFD2}.Debug|x86.Build.0 = Debug|x86
		{85674E4E-DF52-41E7-B55D-39D99B78BFD2}.Release|Any CPU.ActiveCfg = Release|x86
		{85674E4E-DF52-41E7-B55D-39D99B78BFD2}.Release|Mixed Platforms.ActiveCfg = Release|x86
		{85674E4E-DF52-41E7-B55D-39D99B78BFD2}.Release|Mixed Platforms.Build.0 = Release|x86
		{85674E4E-DF52-41E7-B55D-39D99B78BFD2}.Release|x86.ActiveCfg = Release|x86
		{85674E4E-DF52-41E7-B55D-39D99B78BFD2}.Release|x86.Build.0 = Release|x86
	EndGlobalSection
	GlobalSection(SolutionProperties) = preSolution
		HideSolutionNode = FALSE
	EndGlobalSection
EndGlobal
