
Microsoft Visual Studio Solution File, Format Version 12.00
# Visual Studio 11
Project("{FAE04EC0-301F-11D3-BF4B-00C04F79EFBC}") = "БД_SQL_Server", "БД_SQL_Server\БД_SQL_Server.csproj", "{0E38E048-5E97-41B7-970A-A7ED7F7ECC73}"
EndProject
Global
	GlobalSection(SolutionConfigurationPlatforms) = preSolution
		Debug|Any CPU = Debug|Any CPU
		Release|Any CPU = Release|Any CPU
	EndGlobalSection
	GlobalSection(ProjectConfigurationPlatforms) = postSolution
		{0E38E048-5E97-41B7-970A-A7ED7F7ECC73}.Debug|Any CPU.ActiveCfg = Debug|Any CPU
		{0E38E048-5E97-41B7-970A-A7ED7F7ECC73}.Debug|Any CPU.Build.0 = Debug|Any CPU
		{0E38E048-5E97-41B7-970A-A7ED7F7ECC73}.Release|Any CPU.ActiveCfg = Release|Any CPU
		{0E38E048-5E97-41B7-970A-A7ED7F7ECC73}.Release|Any CPU.Build.0 = Release|Any CPU
	EndGlobalSection
	GlobalSection(SolutionProperties) = preSolution
		HideSolutionNode = FALSE
	EndGlobalSection
EndGlobal
