
Microsoft Visual Studio Solution File, Format Version 12.00
# Visual Studio 11
Project("{FAE04EC0-301F-11D3-BF4B-00C04F79EFBC}") = "Звуки_ОС", "Звуки_ОС\Звуки_ОС.csproj", "{873EEEF4-F9A7-43B9-ADD1-8E567B383BDA}"
EndProject
Global
	GlobalSection(SolutionConfigurationPlatforms) = preSolution
		Debug|Any CPU = Debug|Any CPU
		Release|Any CPU = Release|Any CPU
	EndGlobalSection
	GlobalSection(ProjectConfigurationPlatforms) = postSolution
		{873EEEF4-F9A7-43B9-ADD1-8E567B383BDA}.Debug|Any CPU.ActiveCfg = Debug|Any CPU
		{873EEEF4-F9A7-43B9-ADD1-8E567B383BDA}.Debug|Any CPU.Build.0 = Debug|Any CPU
		{873EEEF4-F9A7-43B9-ADD1-8E567B383BDA}.Release|Any CPU.ActiveCfg = Release|Any CPU
		{873EEEF4-F9A7-43B9-ADD1-8E567B383BDA}.Release|Any CPU.Build.0 = Release|Any CPU
	EndGlobalSection
	GlobalSection(SolutionProperties) = preSolution
		HideSolutionNode = FALSE
	EndGlobalSection
EndGlobal
