
Microsoft Visual Studio Solution File, Format Version 12.00
# Visual Studio 11
Project("{FAE04EC0-301F-11D3-BF4B-00C04F79EFBC}") = "LinqМесяцы1", "LinqМесяцы1\LinqМесяцы1.csproj", "{310EC9AC-D151-4B67-BA61-AE2294E23383}"
EndProject
Global
	GlobalSection(SolutionConfigurationPlatforms) = preSolution
		Debug|Any CPU = Debug|Any CPU
		Release|Any CPU = Release|Any CPU
	EndGlobalSection
	GlobalSection(ProjectConfigurationPlatforms) = postSolution
		{310EC9AC-D151-4B67-BA61-AE2294E23383}.Debug|Any CPU.ActiveCfg = Debug|Any CPU
		{310EC9AC-D151-4B67-BA61-AE2294E23383}.Debug|Any CPU.Build.0 = Debug|Any CPU
		{310EC9AC-D151-4B67-BA61-AE2294E23383}.Release|Any CPU.ActiveCfg = Release|Any CPU
		{310EC9AC-D151-4B67-BA61-AE2294E23383}.Release|Any CPU.Build.0 = Release|Any CPU
	EndGlobalSection
	GlobalSection(SolutionProperties) = preSolution
		HideSolutionNode = FALSE
	EndGlobalSection
EndGlobal
