
Microsoft Visual Studio Solution File, Format Version 11.00
# Visual Studio 2010
Project("{FAE04EC0-301F-11D3-BF4B-00C04F79EFBC}") = "001_LINQ", "LINQ\001_LINQ.csproj", "{70596183-6D06-4FF1-96D3-0089F3EC3B14}"
EndProject
Project("{FAE04EC0-301F-11D3-BF4B-00C04F79EFBC}") = "002_LINQ", "LINQ2\002_LINQ.csproj", "{61B39FC8-EE65-4FFB-8655-2323B42D590B}"
EndProject
Project("{FAE04EC0-301F-11D3-BF4B-00C04F79EFBC}") = "003_LINQ", "LINQ3\003_LINQ.csproj", "{DCF1BDCD-A091-4CF2-9E25-E41D7A10E349}"
EndProject
Project("{FAE04EC0-301F-11D3-BF4B-00C04F79EFBC}") = "004_LINQ", "LINQ4\004_LINQ.csproj", "{39E0BD68-2A44-4A30-B468-CF7A0EBD7092}"
EndProject
Project("{FAE04EC0-301F-11D3-BF4B-00C04F79EFBC}") = "005_LINQ", "LINQ5\005_LINQ.csproj", "{36500D95-F541-4488-B624-2558D708E5B2}"
EndProject
Project("{FAE04EC0-301F-11D3-BF4B-00C04F79EFBC}") = "006_LINQ", "LINQ6\006_LINQ.csproj", "{47925B12-597C-4EFC-BA4C-CF9EED7C2B1E}"
EndProject
Project("{FAE04EC0-301F-11D3-BF4B-00C04F79EFBC}") = "007_LINQ", "LINQ7\007_LINQ.csproj", "{3D74F50F-3B3F-4BBD-9CC0-E265C1B02FCD}"
EndProject
Project("{FAE04EC0-301F-11D3-BF4B-00C04F79EFBC}") = "008_LINQ", "LINQ8\008_LINQ.csproj", "{62049F94-017F-4614-8B1F-708E0274C2E3}"
EndProject
Project("{FAE04EC0-301F-11D3-BF4B-00C04F79EFBC}") = "009_LINQ", "LINQ9\009_LINQ.csproj", "{C18A0B91-CDEA-48EF-9D02-AC3543F38C42}"
EndProject
Project("{FAE04EC0-301F-11D3-BF4B-00C04F79EFBC}") = "010_LINQ", "LINQ10\010_LINQ.csproj", "{481FDC09-48A3-4999-AA4F-53F52880BCD2}"
EndProject
Project("{FAE04EC0-301F-11D3-BF4B-00C04F79EFBC}") = "011_LINQ", "LINQ11\011_LINQ.csproj", "{704FBACB-9E8D-4B82-A3FE-FB0CFEAD2F83}"
EndProject
Project("{FAE04EC0-301F-11D3-BF4B-00C04F79EFBC}") = "012_LINQ", "LINQ12\012_LINQ.csproj", "{9DFD541A-DB75-4992-9118-9BEA25C937E8}"
EndProject
Project("{FAE04EC0-301F-11D3-BF4B-00C04F79EFBC}") = "013_LINQ", "LINQ13\013_LINQ.csproj", "{42CE85AB-AD24-4478-A7C9-25E8833AD3F0}"
EndProject
Project("{FAE04EC0-301F-11D3-BF4B-00C04F79EFBC}") = "014_LINQ", "LINQ14\014_LINQ.csproj", "{11E0E678-A4F5-4AAC-BFDA-7CC8D0ABE4BA}"
EndProject
Project("{FAE04EC0-301F-11D3-BF4B-00C04F79EFBC}") = "015_LINQ", "LINQ15\015_LINQ.csproj", "{59A0C439-5C6C-4BCB-B2C8-D3A3EB568CCF}"
EndProject
Project("{FAE04EC0-301F-11D3-BF4B-00C04F79EFBC}") = "016_LINQ", "LINQ16\016_LINQ.csproj", "{740B7CDE-5A01-4D4E-89AC-20217F5ACECD}"
EndProject
Global
	GlobalSection(SolutionConfigurationPlatforms) = preSolution
		Debug|x86 = Debug|x86
		Release|x86 = Release|x86
	EndGlobalSection
	GlobalSection(ProjectConfigurationPlatforms) = postSolution
		{70596183-6D06-4FF1-96D3-0089F3EC3B14}.Debug|x86.ActiveCfg = Debug|x86
		{70596183-6D06-4FF1-96D3-0089F3EC3B14}.Debug|x86.Build.0 = Debug|x86
		{70596183-6D06-4FF1-96D3-0089F3EC3B14}.Release|x86.ActiveCfg = Release|x86
		{70596183-6D06-4FF1-96D3-0089F3EC3B14}.Release|x86.Build.0 = Release|x86
		{61B39FC8-EE65-4FFB-8655-2323B42D590B}.Debug|x86.ActiveCfg = Debug|x86
		{61B39FC8-EE65-4FFB-8655-2323B42D590B}.Debug|x86.Build.0 = Debug|x86
		{61B39FC8-EE65-4FFB-8655-2323B42D590B}.Release|x86.ActiveCfg = Release|x86
		{61B39FC8-EE65-4FFB-8655-2323B42D590B}.Release|x86.Build.0 = Release|x86
		{DCF1BDCD-A091-4CF2-9E25-E41D7A10E349}.Debug|x86.ActiveCfg = Debug|x86
		{DCF1BDCD-A091-4CF2-9E25-E41D7A10E349}.Debug|x86.Build.0 = Debug|x86
		{DCF1BDCD-A091-4CF2-9E25-E41D7A10E349}.Release|x86.ActiveCfg = Release|x86
		{DCF1BDCD-A091-4CF2-9E25-E41D7A10E349}.Release|x86.Build.0 = Release|x86
		{39E0BD68-2A44-4A30-B468-CF7A0EBD7092}.Debug|x86.ActiveCfg = Debug|x86
		{39E0BD68-2A44-4A30-B468-CF7A0EBD7092}.Debug|x86.Build.0 = Debug|x86
		{39E0BD68-2A44-4A30-B468-CF7A0EBD7092}.Release|x86.ActiveCfg = Release|x86
		{39E0BD68-2A44-4A30-B468-CF7A0EBD7092}.Release|x86.Build.0 = Release|x86
		{36500D95-F541-4488-B624-2558D708E5B2}.Debug|x86.ActiveCfg = Debug|x86
		{36500D95-F541-4488-B624-2558D708E5B2}.Debug|x86.Build.0 = Debug|x86
		{36500D95-F541-4488-B624-2558D708E5B2}.Release|x86.ActiveCfg = Release|x86
		{36500D95-F541-4488-B624-2558D708E5B2}.Release|x86.Build.0 = Release|x86
		{47925B12-597C-4EFC-BA4C-CF9EED7C2B1E}.Debug|x86.ActiveCfg = Debug|x86
		{47925B12-597C-4EFC-BA4C-CF9EED7C2B1E}.Debug|x86.Build.0 = Debug|x86
		{47925B12-597C-4EFC-BA4C-CF9EED7C2B1E}.Release|x86.ActiveCfg = Release|x86
		{47925B12-597C-4EFC-BA4C-CF9EED7C2B1E}.Release|x86.Build.0 = Release|x86
		{3D74F50F-3B3F-4BBD-9CC0-E265C1B02FCD}.Debug|x86.ActiveCfg = Debug|x86
		{3D74F50F-3B3F-4BBD-9CC0-E265C1B02FCD}.Debug|x86.Build.0 = Debug|x86
		{3D74F50F-3B3F-4BBD-9CC0-E265C1B02FCD}.Release|x86.ActiveCfg = Release|x86
		{3D74F50F-3B3F-4BBD-9CC0-E265C1B02FCD}.Release|x86.Build.0 = Release|x86
		{62049F94-017F-4614-8B1F-708E0274C2E3}.Debug|x86.ActiveCfg = Debug|x86
		{62049F94-017F-4614-8B1F-708E0274C2E3}.Debug|x86.Build.0 = Debug|x86
		{62049F94-017F-4614-8B1F-708E0274C2E3}.Release|x86.ActiveCfg = Release|x86
		{62049F94-017F-4614-8B1F-708E0274C2E3}.Release|x86.Build.0 = Release|x86
		{C18A0B91-CDEA-48EF-9D02-AC3543F38C42}.Debug|x86.ActiveCfg = Debug|x86
		{C18A0B91-CDEA-48EF-9D02-AC3543F38C42}.Debug|x86.Build.0 = Debug|x86
		{C18A0B91-CDEA-48EF-9D02-AC3543F38C42}.Release|x86.ActiveCfg = Release|x86
		{C18A0B91-CDEA-48EF-9D02-AC3543F38C42}.Release|x86.Build.0 = Release|x86
		{481FDC09-48A3-4999-AA4F-53F52880BCD2}.Debug|x86.ActiveCfg = Debug|x86
		{481FDC09-48A3-4999-AA4F-53F52880BCD2}.Debug|x86.Build.0 = Debug|x86
		{481FDC09-48A3-4999-AA4F-53F52880BCD2}.Release|x86.ActiveCfg = Release|x86
		{481FDC09-48A3-4999-AA4F-53F52880BCD2}.Release|x86.Build.0 = Release|x86
		{704FBACB-9E8D-4B82-A3FE-FB0CFEAD2F83}.Debug|x86.ActiveCfg = Debug|x86
		{704FBACB-9E8D-4B82-A3FE-FB0CFEAD2F83}.Debug|x86.Build.0 = Debug|x86
		{704FBACB-9E8D-4B82-A3FE-FB0CFEAD2F83}.Release|x86.ActiveCfg = Release|x86
		{704FBACB-9E8D-4B82-A3FE-FB0CFEAD2F83}.Release|x86.Build.0 = Release|x86
		{9DFD541A-DB75-4992-9118-9BEA25C937E8}.Debug|x86.ActiveCfg = Debug|x86
		{9DFD541A-DB75-4992-9118-9BEA25C937E8}.Debug|x86.Build.0 = Debug|x86
		{9DFD541A-DB75-4992-9118-9BEA25C937E8}.Release|x86.ActiveCfg = Release|x86
		{9DFD541A-DB75-4992-9118-9BEA25C937E8}.Release|x86.Build.0 = Release|x86
		{42CE85AB-AD24-4478-A7C9-25E8833AD3F0}.Debug|x86.ActiveCfg = Debug|x86
		{42CE85AB-AD24-4478-A7C9-25E8833AD3F0}.Debug|x86.Build.0 = Debug|x86
		{42CE85AB-AD24-4478-A7C9-25E8833AD3F0}.Release|x86.ActiveCfg = Release|x86
		{42CE85AB-AD24-4478-A7C9-25E8833AD3F0}.Release|x86.Build.0 = Release|x86
		{11E0E678-A4F5-4AAC-BFDA-7CC8D0ABE4BA}.Debug|x86.ActiveCfg = Debug|x86
		{11E0E678-A4F5-4AAC-BFDA-7CC8D0ABE4BA}.Debug|x86.Build.0 = Debug|x86
		{11E0E678-A4F5-4AAC-BFDA-7CC8D0ABE4BA}.Release|x86.ActiveCfg = Release|x86
		{11E0E678-A4F5-4AAC-BFDA-7CC8D0ABE4BA}.Release|x86.Build.0 = Release|x86
		{59A0C439-5C6C-4BCB-B2C8-D3A3EB568CCF}.Debug|x86.ActiveCfg = Debug|x86
		{59A0C439-5C6C-4BCB-B2C8-D3A3EB568CCF}.Debug|x86.Build.0 = Debug|x86
		{59A0C439-5C6C-4BCB-B2C8-D3A3EB568CCF}.Release|x86.ActiveCfg = Release|x86
		{59A0C439-5C6C-4BCB-B2C8-D3A3EB568CCF}.Release|x86.Build.0 = Release|x86
		{740B7CDE-5A01-4D4E-89AC-20217F5ACECD}.Debug|x86.ActiveCfg = Debug|x86
		{740B7CDE-5A01-4D4E-89AC-20217F5ACECD}.Debug|x86.Build.0 = Debug|x86
		{740B7CDE-5A01-4D4E-89AC-20217F5ACECD}.Release|x86.ActiveCfg = Release|x86
		{740B7CDE-5A01-4D4E-89AC-20217F5ACECD}.Release|x86.Build.0 = Release|x86
	EndGlobalSection
	GlobalSection(SolutionProperties) = preSolution
		HideSolutionNode = FALSE
	EndGlobalSection
EndGlobal
