
Microsoft Visual Studio Solution File, Format Version 12.00
# Visual Studio 2013
VisualStudioVersion = 12.0.30501.0
MinimumVisualStudioVersion = 10.0.40219.1
Project("{FAE04EC0-301F-11D3-BF4B-00C04F79EFBC}") = "001_Domains", "Domains\001_Domains.csproj", "{0983AC89-5299-4FFD-9825-6136C22764FE}"
EndProject
Project("{FAE04EC0-301F-11D3-BF4B-00C04F79EFBC}") = "002_Domains_Unload", "Domains2\002_Domains_Unload.csproj", "{10271212-F480-46D9-80EA-8336E17243C5}"
EndProject
Project("{FAE04EC0-301F-11D3-BF4B-00C04F79EFBC}") = "003_Domains_Exceptions", "Domains3\003_Domains_Exceptions.csproj", "{8B019C1B-B1D9-45DC-A2C1-C51964780877}"
EndProject
Project("{FAE04EC0-301F-11D3-BF4B-00C04F79EFBC}") = "005_DomainsVsThreads", "Domains4\005_DomainsVsThreads.csproj", "{88D579B3-3C15-4AE3-B134-AA547B18D4F3}"
EndProject
Project("{FAE04EC0-301F-11D3-BF4B-00C04F79EFBC}") = "004_Domains_Exceptions", "Domains5\004_Domains_Exceptions.csproj", "{712FBDC6-4BA6-4272-B2C7-12400609B58D}"
EndProject
Global
	GlobalSection(SolutionConfigurationPlatforms) = preSolution
		Debug|Any CPU = Debug|Any CPU
		Debug|Mixed Platforms = Debug|Mixed Platforms
		Debug|x86 = Debug|x86
		Release|Any CPU = Release|Any CPU
		Release|Mixed Platforms = Release|Mixed Platforms
		Release|x86 = Release|x86
	EndGlobalSection
	GlobalSection(ProjectConfigurationPlatforms) = postSolution
		{0983AC89-5299-4FFD-9825-6136C22764FE}.Debug|Any CPU.ActiveCfg = Debug|x86
		{0983AC89-5299-4FFD-9825-6136C22764FE}.Debug|Mixed Platforms.ActiveCfg = Debug|x86
		{0983AC89-5299-4FFD-9825-6136C22764FE}.Debug|Mixed Platforms.Build.0 = Debug|x86
		{0983AC89-5299-4FFD-9825-6136C22764FE}.Debug|x86.ActiveCfg = Debug|x86
		{0983AC89-5299-4FFD-9825-6136C22764FE}.Debug|x86.Build.0 = Debug|x86
		{0983AC89-5299-4FFD-9825-6136C22764FE}.Release|Any CPU.ActiveCfg = Release|x86
		{0983AC89-5299-4FFD-9825-6136C22764FE}.Release|Mixed Platforms.ActiveCfg = Release|x86
		{0983AC89-5299-4FFD-9825-6136C22764FE}.Release|Mixed Platforms.Build.0 = Release|x86
		{0983AC89-5299-4FFD-9825-6136C22764FE}.Release|x86.ActiveCfg = Release|x86
		{0983AC89-5299-4FFD-9825-6136C22764FE}.Release|x86.Build.0 = Release|x86
		{10271212-F480-46D9-80EA-8336E17243C5}.Debug|Any CPU.ActiveCfg = Debug|x86
		{10271212-F480-46D9-80EA-8336E17243C5}.Debug|Mixed Platforms.ActiveCfg = Debug|x86
		{10271212-F480-46D9-80EA-8336E17243C5}.Debug|Mixed Platforms.Build.0 = Debug|x86
		{10271212-F480-46D9-80EA-8336E17243C5}.Debug|x86.ActiveCfg = Debug|x86
		{10271212-F480-46D9-80EA-8336E17243C5}.Debug|x86.Build.0 = Debug|x86
		{10271212-F480-46D9-80EA-8336E17243C5}.Release|Any CPU.ActiveCfg = Release|x86
		{10271212-F480-46D9-80EA-8336E17243C5}.Release|Mixed Platforms.ActiveCfg = Release|x86
		{10271212-F480-46D9-80EA-8336E17243C5}.Release|Mixed Platforms.Build.0 = Release|x86
		{10271212-F480-46D9-80EA-8336E17243C5}.Release|x86.ActiveCfg = Release|x86
		{10271212-F480-46D9-80EA-8336E17243C5}.Release|x86.Build.0 = Release|x86
		{8B019C1B-B1D9-45DC-A2C1-C51964780877}.Debug|Any CPU.ActiveCfg = Debug|x86
		{8B019C1B-B1D9-45DC-A2C1-C51964780877}.Debug|Mixed Platforms.ActiveCfg = Debug|x86
		{8B019C1B-B1D9-45DC-A2C1-C51964780877}.Debug|Mixed Platforms.Build.0 = Debug|x86
		{8B019C1B-B1D9-45DC-A2C1-C51964780877}.Debug|x86.ActiveCfg = Debug|x86
		{8B019C1B-B1D9-45DC-A2C1-C51964780877}.Debug|x86.Build.0 = Debug|x86
		{8B019C1B-B1D9-45DC-A2C1-C51964780877}.Release|Any CPU.ActiveCfg = Release|x86
		{8B019C1B-B1D9-45DC-A2C1-C51964780877}.Release|Mixed Platforms.ActiveCfg = Release|x86
		{8B019C1B-B1D9-45DC-A2C1-C51964780877}.Release|Mixed Platforms.Build.0 = Release|x86
		{8B019C1B-B1D9-45DC-A2C1-C51964780877}.Release|x86.ActiveCfg = Release|x86
		{8B019C1B-B1D9-45DC-A2C1-C51964780877}.Release|x86.Build.0 = Release|x86
		{88D579B3-3C15-4AE3-B134-AA547B18D4F3}.Debug|Any CPU.ActiveCfg = Debug|x86
		{88D579B3-3C15-4AE3-B134-AA547B18D4F3}.Debug|Mixed Platforms.ActiveCfg = Debug|x86
		{88D579B3-3C15-4AE3-B134-AA547B18D4F3}.Debug|Mixed Platforms.Build.0 = Debug|x86
		{88D579B3-3C15-4AE3-B134-AA547B18D4F3}.Debug|x86.ActiveCfg = Debug|x86
		{88D579B3-3C15-4AE3-B134-AA547B18D4F3}.Debug|x86.Build.0 = Debug|x86
		{88D579B3-3C15-4AE3-B134-AA547B18D4F3}.Release|Any CPU.ActiveCfg = Release|x86
		{88D579B3-3C15-4AE3-B134-AA547B18D4F3}.Release|Mixed Platforms.ActiveCfg = Release|x86
		{88D579B3-3C15-4AE3-B134-AA547B18D4F3}.Release|Mixed Platforms.Build.0 = Release|x86
		{88D579B3-3C15-4AE3-B134-AA547B18D4F3}.Release|x86.ActiveCfg = Release|x86
		{88D579B3-3C15-4AE3-B134-AA547B18D4F3}.Release|x86.Build.0 = Release|x86
		{712FBDC6-4BA6-4272-B2C7-12400609B58D}.Debug|Any CPU.ActiveCfg = Debug|Any CPU
		{712FBDC6-4BA6-4272-B2C7-12400609B58D}.Debug|Any CPU.Build.0 = Debug|Any CPU
		{712FBDC6-4BA6-4272-B2C7-12400609B58D}.Debug|Mixed Platforms.ActiveCfg = Debug|Any CPU
		{712FBDC6-4BA6-4272-B2C7-12400609B58D}.Debug|Mixed Platforms.Build.0 = Debug|Any CPU
		{712FBDC6-4BA6-4272-B2C7-12400609B58D}.Debug|x86.ActiveCfg = Debug|Any CPU
		{712FBDC6-4BA6-4272-B2C7-12400609B58D}.Release|Any CPU.ActiveCfg = Release|Any CPU
		{712FBDC6-4BA6-4272-B2C7-12400609B58D}.Release|Any CPU.Build.0 = Release|Any CPU
		{712FBDC6-4BA6-4272-B2C7-12400609B58D}.Release|Mixed Platforms.ActiveCfg = Release|Any CPU
		{712FBDC6-4BA6-4272-B2C7-12400609B58D}.Release|Mixed Platforms.Build.0 = Release|Any CPU
		{712FBDC6-4BA6-4272-B2C7-12400609B58D}.Release|x86.ActiveCfg = Release|Any CPU
	EndGlobalSection
	GlobalSection(SolutionProperties) = preSolution
		HideSolutionNode = FALSE
	EndGlobalSection
EndGlobal
