
Microsoft Visual Studio Solution File, Format Version 12.00
# Visual Studio 11
Project("{FAE04EC0-301F-11D3-BF4B-00C04F79EFBC}") = "Передача1", "Передача1\Передача1.csproj", "{602FDF96-F454-4F99-B227-977A41ED7426}"
EndProject
Global
	GlobalSection(SolutionConfigurationPlatforms) = preSolution
		Debug|Any CPU = Debug|Any CPU
		Release|Any CPU = Release|Any CPU
	EndGlobalSection
	GlobalSection(ProjectConfigurationPlatforms) = postSolution
		{602FDF96-F454-4F99-B227-977A41ED7426}.Debug|Any CPU.ActiveCfg = Debug|Any CPU
		{602FDF96-F454-4F99-B227-977A41ED7426}.Debug|Any CPU.Build.0 = Debug|Any CPU
		{602FDF96-F454-4F99-B227-977A41ED7426}.Release|Any CPU.ActiveCfg = Release|Any CPU
		{602FDF96-F454-4F99-B227-977A41ED7426}.Release|Any CPU.Build.0 = Release|Any CPU
	EndGlobalSection
	GlobalSection(SolutionProperties) = preSolution
		HideSolutionNode = FALSE
	EndGlobalSection
EndGlobal
