
Microsoft Visual Studio Solution File, Format Version 12.00
# Visual Studio 2013
VisualStudioVersion = 12.0.30501.0
MinimumVisualStudioVersion = 10.0.40219.1
Project("{FAE04EC0-301F-11D3-BF4B-00C04F79EFBC}") = "001_TPL", "TPL\001_TPL.csproj", "{C11FA539-0C8D-43CF-9859-C108CDC129B8}"
EndProject
Project("{FAE04EC0-301F-11D3-BF4B-00C04F79EFBC}") = "003_TPL_Status", "TPL2\003_TPL_Status.csproj", "{C4EB7D5C-6345-4DF0-BE36-675ABED4CF99}"
EndProject
Project("{FAE04EC0-301F-11D3-BF4B-00C04F79EFBC}") = "002_TPL_Id", "TPL3\002_TPL_Id.csproj", "{0E9905CB-AC27-4E51-AF20-DE100201E288}"
EndProject
Project("{FAE04EC0-301F-11D3-BF4B-00C04F79EFBC}") = "004_TPL_IsBackground", "TPL4\004_TPL_IsBackground.csproj", "{DDBA3173-DD8A-4891-8CB5-0191DE3387AC}"
EndProject
Project("{FAE04EC0-301F-11D3-BF4B-00C04F79EFBC}") = "007_TPL_WaitAll_Any", "TPL5\007_TPL_WaitAll_Any.csproj", "{8ABCAF36-1850-4697-9825-0B10CA24E932}"
EndProject
Project("{FAE04EC0-301F-11D3-BF4B-00C04F79EFBC}") = "008_TPL_Factory", "TPL6\008_TPL_Factory.csproj", "{8B876049-4CD9-4E57-A05B-E4CF641FF06C}"
EndProject
Project("{FAE04EC0-301F-11D3-BF4B-00C04F79EFBC}") = "009_TPL_Lambda", "TPL7\009_TPL_Lambda.csproj", "{38CF2AA6-3748-4300-AE57-582ED583F908}"
EndProject
Project("{FAE04EC0-301F-11D3-BF4B-00C04F79EFBC}") = "010_TPL_Continuation", "TPL8\010_TPL_Continuation.csproj", "{77C13BD6-26FF-4E8A-A08A-2BF8E317E5AA}"
EndProject
Project("{FAE04EC0-301F-11D3-BF4B-00C04F79EFBC}") = "005_TPL_AsyncState", "TPL9\005_TPL_AsyncState.csproj", "{AE650CF8-196A-40E6-95C9-65915C8F47E4}"
EndProject
Project("{FAE04EC0-301F-11D3-BF4B-00C04F79EFBC}") = "011_TPL_Return", "TPL10\011_TPL_Return.csproj", "{DBBBE722-0993-4016-8947-2E2D74A4E752}"
EndProject
Project("{FAE04EC0-301F-11D3-BF4B-00C04F79EFBC}") = "013_TPL_Cancellation", "TPL11\013_TPL_Cancellation.csproj", "{6B1D8055-D10F-4A73-8FD4-4DC00B8DC36E}"
EndProject
Project("{FAE04EC0-301F-11D3-BF4B-00C04F79EFBC}") = "001_Parallel.Invoke", "TPL12\001_Parallel.Invoke.csproj", "{425DFCB2-3E30-4E55-AFE6-32FB745A615E}"
EndProject
Project("{FAE04EC0-301F-11D3-BF4B-00C04F79EFBC}") = "016_TPL_TaskScheduler", "TPL13\016_TPL_TaskScheduler.csproj", "{2B2FE2B1-C4E1-41F6-9685-8696CF96B459}"
EndProject
Project("{FAE04EC0-301F-11D3-BF4B-00C04F79EFBC}") = "002_Parallel.For", "TPL14\002_Parallel.For.csproj", "{F507752E-D107-4566-9A18-2D61D4C7D632}"
EndProject
Project("{FAE04EC0-301F-11D3-BF4B-00C04F79EFBC}") = "003_Parallel.For", "TPL15\003_Parallel.For.csproj", "{968CCE2F-9847-41B1-98B6-D3F4CEA0D7B6}"
EndProject
Project("{FAE04EC0-301F-11D3-BF4B-00C04F79EFBC}") = "004_Parallel.For", "TPL16\004_Parallel.For.csproj", "{465FB94A-519B-4F7F-B9E1-BC6B2A61CF2C}"
EndProject
Project("{FAE04EC0-301F-11D3-BF4B-00C04F79EFBC}") = "005_Parallel.ForEach", "TPL17\005_Parallel.ForEach.csproj", "{48C1CDC4-7759-439C-B932-251701681F09}"
EndProject
Project("{FAE04EC0-301F-11D3-BF4B-00C04F79EFBC}") = "006_Parallel.ForEach", "TPL18\006_Parallel.ForEach.csproj", "{A44ADE41-CD61-419C-B35B-0400856F3AE1}"
EndProject
Project("{FAE04EC0-301F-11D3-BF4B-00C04F79EFBC}") = "014_TPL_ContinuationOptions", "TPL_WPF_Context\014_TPL_ContinuationOptions.csproj", "{AE85D9C2-2EE9-444B-B1AB-31A9D468C530}"
EndProject
Project("{FAE04EC0-301F-11D3-BF4B-00C04F79EFBC}") = "006_TPL_Wait", "TPL_IsBackground\006_TPL_Wait.csproj", "{061CC799-44FA-47AE-B9DC-CBA45186F356}"
EndProject
Project("{FAE04EC0-301F-11D3-BF4B-00C04F79EFBC}") = "012_TPL_Exception", "ConsoleApplication1\012_TPL_Exception.csproj", "{57174B06-B475-4417-804F-FC99C8A1AD43}"
EndProject
Project("{2150E333-8FDC-42A3-9474-1A3956D46DE8}") = "01_TPL", "01_TPL", "{8123980B-7AF4-4FEC-9B83-898667ACBE96}"
EndProject
Project("{2150E333-8FDC-42A3-9474-1A3956D46DE8}") = "02_Parallel", "02_Parallel", "{96527021-0C31-4445-AC02-4CA4D72B7DF9}"
EndProject
Project("{FAE04EC0-301F-11D3-BF4B-00C04F79EFBC}") = "015_TPL_DelayTaskScheduler", "ConsoleApplication2\015_TPL_DelayTaskScheduler.csproj", "{21F88C20-F5EE-40AC-9C23-C5EA77F6E87D}"
EndProject
Project("{2150E333-8FDC-42A3-9474-1A3956D46DE8}") = "03_PLINQ", "03_PLINQ", "{A1D49EEB-F70E-462D-BA66-A0DAAC61B8A0}"
EndProject
Project("{FAE04EC0-301F-11D3-BF4B-00C04F79EFBC}") = "001_PLINQ", "PLINQ\PLINQ\001_PLINQ.csproj", "{A6D8E721-CA81-4E9B-B69D-893A8B0F1F81}"
EndProject
Project("{FAE04EC0-301F-11D3-BF4B-00C04F79EFBC}") = "002_PLINQ", "PLINQ\PLINQ2\002_PLINQ.csproj", "{7CD5FC0B-6E86-4D26-AFDC-383CD3C11248}"
EndProject
Project("{FAE04EC0-301F-11D3-BF4B-00C04F79EFBC}") = "003_PLINQ", "PLINQ\PLINQ3\003_PLINQ.csproj", "{F92F47D2-4030-40CF-86B7-62DF7CF059AD}"
EndProject
Global
	GlobalSection(SolutionConfigurationPlatforms) = preSolution
		Debug|Any CPU = Debug|Any CPU
		Debug|Mixed Platforms = Debug|Mixed Platforms
		Debug|x86 = Debug|x86
		Release|Any CPU = Release|Any CPU
		Release|Mixed Platforms = Release|Mixed Platforms
		Release|x86 = Release|x86
	EndGlobalSection
	GlobalSection(ProjectConfigurationPlatforms) = postSolution
		{C11FA539-0C8D-43CF-9859-C108CDC129B8}.Debug|Any CPU.ActiveCfg = Debug|x86
		{C11FA539-0C8D-43CF-9859-C108CDC129B8}.Debug|Mixed Platforms.ActiveCfg = Debug|x86
		{C11FA539-0C8D-43CF-9859-C108CDC129B8}.Debug|Mixed Platforms.Build.0 = Debug|x86
		{C11FA539-0C8D-43CF-9859-C108CDC129B8}.Debug|x86.ActiveCfg = Debug|x86
		{C11FA539-0C8D-43CF-9859-C108CDC129B8}.Debug|x86.Build.0 = Debug|x86
		{C11FA539-0C8D-43CF-9859-C108CDC129B8}.Release|Any CPU.ActiveCfg = Release|x86
		{C11FA539-0C8D-43CF-9859-C108CDC129B8}.Release|Mixed Platforms.ActiveCfg = Release|x86
		{C11FA539-0C8D-43CF-9859-C108CDC129B8}.Release|Mixed Platforms.Build.0 = Release|x86
		{C11FA539-0C8D-43CF-9859-C108CDC129B8}.Release|x86.ActiveCfg = Release|x86
		{C11FA539-0C8D-43CF-9859-C108CDC129B8}.Release|x86.Build.0 = Release|x86
		{C4EB7D5C-6345-4DF0-BE36-675ABED4CF99}.Debug|Any CPU.ActiveCfg = Debug|x86
		{C4EB7D5C-6345-4DF0-BE36-675ABED4CF99}.Debug|Mixed Platforms.ActiveCfg = Debug|x86
		{C4EB7D5C-6345-4DF0-BE36-675ABED4CF99}.Debug|Mixed Platforms.Build.0 = Debug|x86
		{C4EB7D5C-6345-4DF0-BE36-675ABED4CF99}.Debug|x86.ActiveCfg = Debug|x86
		{C4EB7D5C-6345-4DF0-BE36-675ABED4CF99}.Debug|x86.Build.0 = Debug|x86
		{C4EB7D5C-6345-4DF0-BE36-675ABED4CF99}.Release|Any CPU.ActiveCfg = Release|x86
		{C4EB7D5C-6345-4DF0-BE36-675ABED4CF99}.Release|Mixed Platforms.ActiveCfg = Release|x86
		{C4EB7D5C-6345-4DF0-BE36-675ABED4CF99}.Release|Mixed Platforms.Build.0 = Release|x86
		{C4EB7D5C-6345-4DF0-BE36-675ABED4CF99}.Release|x86.ActiveCfg = Release|x86
		{C4EB7D5C-6345-4DF0-BE36-675ABED4CF99}.Release|x86.Build.0 = Release|x86
		{0E9905CB-AC27-4E51-AF20-DE100201E288}.Debug|Any CPU.ActiveCfg = Debug|x86
		{0E9905CB-AC27-4E51-AF20-DE100201E288}.Debug|Mixed Platforms.ActiveCfg = Debug|x86
		{0E9905CB-AC27-4E51-AF20-DE100201E288}.Debug|Mixed Platforms.Build.0 = Debug|x86
		{0E9905CB-AC27-4E51-AF20-DE100201E288}.Debug|x86.ActiveCfg = Debug|x86
		{0E9905CB-AC27-4E51-AF20-DE100201E288}.Debug|x86.Build.0 = Debug|x86
		{0E9905CB-AC27-4E51-AF20-DE100201E288}.Release|Any CPU.ActiveCfg = Release|x86
		{0E9905CB-AC27-4E51-AF20-DE100201E288}.Release|Mixed Platforms.ActiveCfg = Release|x86
		{0E9905CB-AC27-4E51-AF20-DE100201E288}.Release|Mixed Platforms.Build.0 = Release|x86
		{0E9905CB-AC27-4E51-AF20-DE100201E288}.Release|x86.ActiveCfg = Release|x86
		{0E9905CB-AC27-4E51-AF20-DE100201E288}.Release|x86.Build.0 = Release|x86
		{DDBA3173-DD8A-4891-8CB5-0191DE3387AC}.Debug|Any CPU.ActiveCfg = Debug|x86
		{DDBA3173-DD8A-4891-8CB5-0191DE3387AC}.Debug|Mixed Platforms.ActiveCfg = Debug|x86
		{DDBA3173-DD8A-4891-8CB5-0191DE3387AC}.Debug|Mixed Platforms.Build.0 = Debug|x86
		{DDBA3173-DD8A-4891-8CB5-0191DE3387AC}.Debug|x86.ActiveCfg = Debug|x86
		{DDBA3173-DD8A-4891-8CB5-0191DE3387AC}.Debug|x86.Build.0 = Debug|x86
		{DDBA3173-DD8A-4891-8CB5-0191DE3387AC}.Release|Any CPU.ActiveCfg = Release|x86
		{DDBA3173-DD8A-4891-8CB5-0191DE3387AC}.Release|Mixed Platforms.ActiveCfg = Release|x86
		{DDBA3173-DD8A-4891-8CB5-0191DE3387AC}.Release|Mixed Platforms.Build.0 = Release|x86
		{DDBA3173-DD8A-4891-8CB5-0191DE3387AC}.Release|x86.ActiveCfg = Release|x86
		{DDBA3173-DD8A-4891-8CB5-0191DE3387AC}.Release|x86.Build.0 = Release|x86
		{8ABCAF36-1850-4697-9825-0B10CA24E932}.Debug|Any CPU.ActiveCfg = Debug|x86
		{8ABCAF36-1850-4697-9825-0B10CA24E932}.Debug|Mixed Platforms.ActiveCfg = Debug|x86
		{8ABCAF36-1850-4697-9825-0B10CA24E932}.Debug|Mixed Platforms.Build.0 = Debug|x86
		{8ABCAF36-1850-4697-9825-0B10CA24E932}.Debug|x86.ActiveCfg = Debug|x86
		{8ABCAF36-1850-4697-9825-0B10CA24E932}.Debug|x86.Build.0 = Debug|x86
		{8ABCAF36-1850-4697-9825-0B10CA24E932}.Release|Any CPU.ActiveCfg = Release|x86
		{8ABCAF36-1850-4697-9825-0B10CA24E932}.Release|Mixed Platforms.ActiveCfg = Release|x86
		{8ABCAF36-1850-4697-9825-0B10CA24E932}.Release|Mixed Platforms.Build.0 = Release|x86
		{8ABCAF36-1850-4697-9825-0B10CA24E932}.Release|x86.ActiveCfg = Release|x86
		{8ABCAF36-1850-4697-9825-0B10CA24E932}.Release|x86.Build.0 = Release|x86
		{8B876049-4CD9-4E57-A05B-E4CF641FF06C}.Debug|Any CPU.ActiveCfg = Debug|x86
		{8B876049-4CD9-4E57-A05B-E4CF641FF06C}.Debug|Mixed Platforms.ActiveCfg = Debug|x86
		{8B876049-4CD9-4E57-A05B-E4CF641FF06C}.Debug|Mixed Platforms.Build.0 = Debug|x86
		{8B876049-4CD9-4E57-A05B-E4CF641FF06C}.Debug|x86.ActiveCfg = Debug|x86
		{8B876049-4CD9-4E57-A05B-E4CF641FF06C}.Debug|x86.Build.0 = Debug|x86
		{8B876049-4CD9-4E57-A05B-E4CF641FF06C}.Release|Any CPU.ActiveCfg = Release|x86
		{8B876049-4CD9-4E57-A05B-E4CF641FF06C}.Release|Mixed Platforms.ActiveCfg = Release|x86
		{8B876049-4CD9-4E57-A05B-E4CF641FF06C}.Release|Mixed Platforms.Build.0 = Release|x86
		{8B876049-4CD9-4E57-A05B-E4CF641FF06C}.Release|x86.ActiveCfg = Release|x86
		{8B876049-4CD9-4E57-A05B-E4CF641FF06C}.Release|x86.Build.0 = Release|x86
		{38CF2AA6-3748-4300-AE57-582ED583F908}.Debug|Any CPU.ActiveCfg = Debug|x86
		{38CF2AA6-3748-4300-AE57-582ED583F908}.Debug|Mixed Platforms.ActiveCfg = Debug|x86
		{38CF2AA6-3748-4300-AE57-582ED583F908}.Debug|Mixed Platforms.Build.0 = Debug|x86
		{38CF2AA6-3748-4300-AE57-582ED583F908}.Debug|x86.ActiveCfg = Debug|x86
		{38CF2AA6-3748-4300-AE57-582ED583F908}.Debug|x86.Build.0 = Debug|x86
		{38CF2AA6-3748-4300-AE57-582ED583F908}.Release|Any CPU.ActiveCfg = Release|x86
		{38CF2AA6-3748-4300-AE57-582ED583F908}.Release|Mixed Platforms.ActiveCfg = Release|x86
		{38CF2AA6-3748-4300-AE57-582ED583F908}.Release|Mixed Platforms.Build.0 = Release|x86
		{38CF2AA6-3748-4300-AE57-582ED583F908}.Release|x86.ActiveCfg = Release|x86
		{38CF2AA6-3748-4300-AE57-582ED583F908}.Release|x86.Build.0 = Release|x86
		{77C13BD6-26FF-4E8A-A08A-2BF8E317E5AA}.Debug|Any CPU.ActiveCfg = Debug|x86
		{77C13BD6-26FF-4E8A-A08A-2BF8E317E5AA}.Debug|Mixed Platforms.ActiveCfg = Debug|x86
		{77C13BD6-26FF-4E8A-A08A-2BF8E317E5AA}.Debug|Mixed Platforms.Build.0 = Debug|x86
		{77C13BD6-26FF-4E8A-A08A-2BF8E317E5AA}.Debug|x86.ActiveCfg = Debug|x86
		{77C13BD6-26FF-4E8A-A08A-2BF8E317E5AA}.Debug|x86.Build.0 = Debug|x86
		{77C13BD6-26FF-4E8A-A08A-2BF8E317E5AA}.Release|Any CPU.ActiveCfg = Release|x86
		{77C13BD6-26FF-4E8A-A08A-2BF8E317E5AA}.Release|Mixed Platforms.ActiveCfg = Release|x86
		{77C13BD6-26FF-4E8A-A08A-2BF8E317E5AA}.Release|Mixed Platforms.Build.0 = Release|x86
		{77C13BD6-26FF-4E8A-A08A-2BF8E317E5AA}.Release|x86.ActiveCfg = Release|x86
		{77C13BD6-26FF-4E8A-A08A-2BF8E317E5AA}.Release|x86.Build.0 = Release|x86
		{AE650CF8-196A-40E6-95C9-65915C8F47E4}.Debug|Any CPU.ActiveCfg = Debug|x86
		{AE650CF8-196A-40E6-95C9-65915C8F47E4}.Debug|Mixed Platforms.ActiveCfg = Debug|x86
		{AE650CF8-196A-40E6-95C9-65915C8F47E4}.Debug|Mixed Platforms.Build.0 = Debug|x86
		{AE650CF8-196A-40E6-95C9-65915C8F47E4}.Debug|x86.ActiveCfg = Debug|x86
		{AE650CF8-196A-40E6-95C9-65915C8F47E4}.Debug|x86.Build.0 = Debug|x86
		{AE650CF8-196A-40E6-95C9-65915C8F47E4}.Release|Any CPU.ActiveCfg = Release|x86
		{AE650CF8-196A-40E6-95C9-65915C8F47E4}.Release|Mixed Platforms.ActiveCfg = Release|x86
		{AE650CF8-196A-40E6-95C9-65915C8F47E4}.Release|Mixed Platforms.Build.0 = Release|x86
		{AE650CF8-196A-40E6-95C9-65915C8F47E4}.Release|x86.ActiveCfg = Release|x86
		{AE650CF8-196A-40E6-95C9-65915C8F47E4}.Release|x86.Build.0 = Release|x86
		{DBBBE722-0993-4016-8947-2E2D74A4E752}.Debug|Any CPU.ActiveCfg = Debug|x86
		{DBBBE722-0993-4016-8947-2E2D74A4E752}.Debug|Mixed Platforms.ActiveCfg = Debug|x86
		{DBBBE722-0993-4016-8947-2E2D74A4E752}.Debug|Mixed Platforms.Build.0 = Debug|x86
		{DBBBE722-0993-4016-8947-2E2D74A4E752}.Debug|x86.ActiveCfg = Debug|x86
		{DBBBE722-0993-4016-8947-2E2D74A4E752}.Debug|x86.Build.0 = Debug|x86
		{DBBBE722-0993-4016-8947-2E2D74A4E752}.Release|Any CPU.ActiveCfg = Release|x86
		{DBBBE722-0993-4016-8947-2E2D74A4E752}.Release|Mixed Platforms.ActiveCfg = Release|x86
		{DBBBE722-0993-4016-8947-2E2D74A4E752}.Release|Mixed Platforms.Build.0 = Release|x86
		{DBBBE722-0993-4016-8947-2E2D74A4E752}.Release|x86.ActiveCfg = Release|x86
		{DBBBE722-0993-4016-8947-2E2D74A4E752}.Release|x86.Build.0 = Release|x86
		{6B1D8055-D10F-4A73-8FD4-4DC00B8DC36E}.Debug|Any CPU.ActiveCfg = Debug|x86
		{6B1D8055-D10F-4A73-8FD4-4DC00B8DC36E}.Debug|Mixed Platforms.ActiveCfg = Debug|x86
		{6B1D8055-D10F-4A73-8FD4-4DC00B8DC36E}.Debug|Mixed Platforms.Build.0 = Debug|x86
		{6B1D8055-D10F-4A73-8FD4-4DC00B8DC36E}.Debug|x86.ActiveCfg = Debug|x86
		{6B1D8055-D10F-4A73-8FD4-4DC00B8DC36E}.Debug|x86.Build.0 = Debug|x86
		{6B1D8055-D10F-4A73-8FD4-4DC00B8DC36E}.Release|Any CPU.ActiveCfg = Release|x86
		{6B1D8055-D10F-4A73-8FD4-4DC00B8DC36E}.Release|Mixed Platforms.ActiveCfg = Release|x86
		{6B1D8055-D10F-4A73-8FD4-4DC00B8DC36E}.Release|Mixed Platforms.Build.0 = Release|x86
		{6B1D8055-D10F-4A73-8FD4-4DC00B8DC36E}.Release|x86.ActiveCfg = Release|x86
		{6B1D8055-D10F-4A73-8FD4-4DC00B8DC36E}.Release|x86.Build.0 = Release|x86
		{425DFCB2-3E30-4E55-AFE6-32FB745A615E}.Debug|Any CPU.ActiveCfg = Debug|x86
		{425DFCB2-3E30-4E55-AFE6-32FB745A615E}.Debug|Mixed Platforms.ActiveCfg = Debug|x86
		{425DFCB2-3E30-4E55-AFE6-32FB745A615E}.Debug|Mixed Platforms.Build.0 = Debug|x86
		{425DFCB2-3E30-4E55-AFE6-32FB745A615E}.Debug|x86.ActiveCfg = Debug|x86
		{425DFCB2-3E30-4E55-AFE6-32FB745A615E}.Debug|x86.Build.0 = Debug|x86
		{425DFCB2-3E30-4E55-AFE6-32FB745A615E}.Release|Any CPU.ActiveCfg = Release|x86
		{425DFCB2-3E30-4E55-AFE6-32FB745A615E}.Release|Mixed Platforms.ActiveCfg = Release|x86
		{425DFCB2-3E30-4E55-AFE6-32FB745A615E}.Release|Mixed Platforms.Build.0 = Release|x86
		{425DFCB2-3E30-4E55-AFE6-32FB745A615E}.Release|x86.ActiveCfg = Release|x86
		{425DFCB2-3E30-4E55-AFE6-32FB745A615E}.Release|x86.Build.0 = Release|x86
		{2B2FE2B1-C4E1-41F6-9685-8696CF96B459}.Debug|Any CPU.ActiveCfg = Debug|x86
		{2B2FE2B1-C4E1-41F6-9685-8696CF96B459}.Debug|Mixed Platforms.ActiveCfg = Debug|x86
		{2B2FE2B1-C4E1-41F6-9685-8696CF96B459}.Debug|Mixed Platforms.Build.0 = Debug|x86
		{2B2FE2B1-C4E1-41F6-9685-8696CF96B459}.Debug|x86.ActiveCfg = Debug|x86
		{2B2FE2B1-C4E1-41F6-9685-8696CF96B459}.Debug|x86.Build.0 = Debug|x86
		{2B2FE2B1-C4E1-41F6-9685-8696CF96B459}.Release|Any CPU.ActiveCfg = Release|x86
		{2B2FE2B1-C4E1-41F6-9685-8696CF96B459}.Release|Mixed Platforms.ActiveCfg = Release|x86
		{2B2FE2B1-C4E1-41F6-9685-8696CF96B459}.Release|Mixed Platforms.Build.0 = Release|x86
		{2B2FE2B1-C4E1-41F6-9685-8696CF96B459}.Release|x86.ActiveCfg = Release|x86
		{2B2FE2B1-C4E1-41F6-9685-8696CF96B459}.Release|x86.Build.0 = Release|x86
		{F507752E-D107-4566-9A18-2D61D4C7D632}.Debug|Any CPU.ActiveCfg = Debug|x86
		{F507752E-D107-4566-9A18-2D61D4C7D632}.Debug|Mixed Platforms.ActiveCfg = Debug|x86
		{F507752E-D107-4566-9A18-2D61D4C7D632}.Debug|Mixed Platforms.Build.0 = Debug|x86
		{F507752E-D107-4566-9A18-2D61D4C7D632}.Debug|x86.ActiveCfg = Debug|x86
		{F507752E-D107-4566-9A18-2D61D4C7D632}.Debug|x86.Build.0 = Debug|x86
		{F507752E-D107-4566-9A18-2D61D4C7D632}.Release|Any CPU.ActiveCfg = Release|x86
		{F507752E-D107-4566-9A18-2D61D4C7D632}.Release|Mixed Platforms.ActiveCfg = Release|x86
		{F507752E-D107-4566-9A18-2D61D4C7D632}.Release|Mixed Platforms.Build.0 = Release|x86
		{F507752E-D107-4566-9A18-2D61D4C7D632}.Release|x86.ActiveCfg = Release|x86
		{F507752E-D107-4566-9A18-2D61D4C7D632}.Release|x86.Build.0 = Release|x86
		{968CCE2F-9847-41B1-98B6-D3F4CEA0D7B6}.Debug|Any CPU.ActiveCfg = Debug|x86
		{968CCE2F-9847-41B1-98B6-D3F4CEA0D7B6}.Debug|Mixed Platforms.ActiveCfg = Debug|x86
		{968CCE2F-9847-41B1-98B6-D3F4CEA0D7B6}.Debug|Mixed Platforms.Build.0 = Debug|x86
		{968CCE2F-9847-41B1-98B6-D3F4CEA0D7B6}.Debug|x86.ActiveCfg = Debug|x86
		{968CCE2F-9847-41B1-98B6-D3F4CEA0D7B6}.Debug|x86.Build.0 = Debug|x86
		{968CCE2F-9847-41B1-98B6-D3F4CEA0D7B6}.Release|Any CPU.ActiveCfg = Release|x86
		{968CCE2F-9847-41B1-98B6-D3F4CEA0D7B6}.Release|Mixed Platforms.ActiveCfg = Release|x86
		{968CCE2F-9847-41B1-98B6-D3F4CEA0D7B6}.Release|Mixed Platforms.Build.0 = Release|x86
		{968CCE2F-9847-41B1-98B6-D3F4CEA0D7B6}.Release|x86.ActiveCfg = Release|x86
		{968CCE2F-9847-41B1-98B6-D3F4CEA0D7B6}.Release|x86.Build.0 = Release|x86
		{465FB94A-519B-4F7F-B9E1-BC6B2A61CF2C}.Debug|Any CPU.ActiveCfg = Debug|x86
		{465FB94A-519B-4F7F-B9E1-BC6B2A61CF2C}.Debug|Mixed Platforms.ActiveCfg = Debug|x86
		{465FB94A-519B-4F7F-B9E1-BC6B2A61CF2C}.Debug|Mixed Platforms.Build.0 = Debug|x86
		{465FB94A-519B-4F7F-B9E1-BC6B2A61CF2C}.Debug|x86.ActiveCfg = Debug|x86
		{465FB94A-519B-4F7F-B9E1-BC6B2A61CF2C}.Debug|x86.Build.0 = Debug|x86
		{465FB94A-519B-4F7F-B9E1-BC6B2A61CF2C}.Release|Any CPU.ActiveCfg = Release|x86
		{465FB94A-519B-4F7F-B9E1-BC6B2A61CF2C}.Release|Mixed Platforms.ActiveCfg = Release|x86
		{465FB94A-519B-4F7F-B9E1-BC6B2A61CF2C}.Release|Mixed Platforms.Build.0 = Release|x86
		{465FB94A-519B-4F7F-B9E1-BC6B2A61CF2C}.Release|x86.ActiveCfg = Release|x86
		{465FB94A-519B-4F7F-B9E1-BC6B2A61CF2C}.Release|x86.Build.0 = Release|x86
		{48C1CDC4-7759-439C-B932-251701681F09}.Debug|Any CPU.ActiveCfg = Debug|x86
		{48C1CDC4-7759-439C-B932-251701681F09}.Debug|Mixed Platforms.ActiveCfg = Debug|x86
		{48C1CDC4-7759-439C-B932-251701681F09}.Debug|Mixed Platforms.Build.0 = Debug|x86
		{48C1CDC4-7759-439C-B932-251701681F09}.Debug|x86.ActiveCfg = Debug|x86
		{48C1CDC4-7759-439C-B932-251701681F09}.Debug|x86.Build.0 = Debug|x86
		{48C1CDC4-7759-439C-B932-251701681F09}.Release|Any CPU.ActiveCfg = Release|x86
		{48C1CDC4-7759-439C-B932-251701681F09}.Release|Mixed Platforms.ActiveCfg = Release|x86
		{48C1CDC4-7759-439C-B932-251701681F09}.Release|Mixed Platforms.Build.0 = Release|x86
		{48C1CDC4-7759-439C-B932-251701681F09}.Release|x86.ActiveCfg = Release|x86
		{48C1CDC4-7759-439C-B932-251701681F09}.Release|x86.Build.0 = Release|x86
		{A44ADE41-CD61-419C-B35B-0400856F3AE1}.Debug|Any CPU.ActiveCfg = Debug|x86
		{A44ADE41-CD61-419C-B35B-0400856F3AE1}.Debug|Mixed Platforms.ActiveCfg = Debug|x86
		{A44ADE41-CD61-419C-B35B-0400856F3AE1}.Debug|Mixed Platforms.Build.0 = Debug|x86
		{A44ADE41-CD61-419C-B35B-0400856F3AE1}.Debug|x86.ActiveCfg = Debug|x86
		{A44ADE41-CD61-419C-B35B-0400856F3AE1}.Debug|x86.Build.0 = Debug|x86
		{A44ADE41-CD61-419C-B35B-0400856F3AE1}.Release|Any CPU.ActiveCfg = Release|x86
		{A44ADE41-CD61-419C-B35B-0400856F3AE1}.Release|Mixed Platforms.ActiveCfg = Release|x86
		{A44ADE41-CD61-419C-B35B-0400856F3AE1}.Release|Mixed Platforms.Build.0 = Release|x86
		{A44ADE41-CD61-419C-B35B-0400856F3AE1}.Release|x86.ActiveCfg = Release|x86
		{A44ADE41-CD61-419C-B35B-0400856F3AE1}.Release|x86.Build.0 = Release|x86
		{AE85D9C2-2EE9-444B-B1AB-31A9D468C530}.Debug|Any CPU.ActiveCfg = Debug|Any CPU
		{AE85D9C2-2EE9-444B-B1AB-31A9D468C530}.Debug|Any CPU.Build.0 = Debug|Any CPU
		{AE85D9C2-2EE9-444B-B1AB-31A9D468C530}.Debug|Mixed Platforms.ActiveCfg = Debug|Any CPU
		{AE85D9C2-2EE9-444B-B1AB-31A9D468C530}.Debug|Mixed Platforms.Build.0 = Debug|Any CPU
		{AE85D9C2-2EE9-444B-B1AB-31A9D468C530}.Debug|x86.ActiveCfg = Debug|Any CPU
		{AE85D9C2-2EE9-444B-B1AB-31A9D468C530}.Release|Any CPU.ActiveCfg = Release|Any CPU
		{AE85D9C2-2EE9-444B-B1AB-31A9D468C530}.Release|Any CPU.Build.0 = Release|Any CPU
		{AE85D9C2-2EE9-444B-B1AB-31A9D468C530}.Release|Mixed Platforms.ActiveCfg = Release|Any CPU
		{AE85D9C2-2EE9-444B-B1AB-31A9D468C530}.Release|Mixed Platforms.Build.0 = Release|Any CPU
		{AE85D9C2-2EE9-444B-B1AB-31A9D468C530}.Release|x86.ActiveCfg = Release|Any CPU
		{061CC799-44FA-47AE-B9DC-CBA45186F356}.Debug|Any CPU.ActiveCfg = Debug|Any CPU
		{061CC799-44FA-47AE-B9DC-CBA45186F356}.Debug|Any CPU.Build.0 = Debug|Any CPU
		{061CC799-44FA-47AE-B9DC-CBA45186F356}.Debug|Mixed Platforms.ActiveCfg = Debug|Any CPU
		{061CC799-44FA-47AE-B9DC-CBA45186F356}.Debug|Mixed Platforms.Build.0 = Debug|Any CPU
		{061CC799-44FA-47AE-B9DC-CBA45186F356}.Debug|x86.ActiveCfg = Debug|Any CPU
		{061CC799-44FA-47AE-B9DC-CBA45186F356}.Release|Any CPU.ActiveCfg = Release|Any CPU
		{061CC799-44FA-47AE-B9DC-CBA45186F356}.Release|Any CPU.Build.0 = Release|Any CPU
		{061CC799-44FA-47AE-B9DC-CBA45186F356}.Release|Mixed Platforms.ActiveCfg = Release|Any CPU
		{061CC799-44FA-47AE-B9DC-CBA45186F356}.Release|Mixed Platforms.Build.0 = Release|Any CPU
		{061CC799-44FA-47AE-B9DC-CBA45186F356}.Release|x86.ActiveCfg = Release|Any CPU
		{57174B06-B475-4417-804F-FC99C8A1AD43}.Debug|Any CPU.ActiveCfg = Debug|Any CPU
		{57174B06-B475-4417-804F-FC99C8A1AD43}.Debug|Any CPU.Build.0 = Debug|Any CPU
		{57174B06-B475-4417-804F-FC99C8A1AD43}.Debug|Mixed Platforms.ActiveCfg = Debug|Any CPU
		{57174B06-B475-4417-804F-FC99C8A1AD43}.Debug|Mixed Platforms.Build.0 = Debug|Any CPU
		{57174B06-B475-4417-804F-FC99C8A1AD43}.Debug|x86.ActiveCfg = Debug|Any CPU
		{57174B06-B475-4417-804F-FC99C8A1AD43}.Release|Any CPU.ActiveCfg = Release|Any CPU
		{57174B06-B475-4417-804F-FC99C8A1AD43}.Release|Any CPU.Build.0 = Release|Any CPU
		{57174B06-B475-4417-804F-FC99C8A1AD43}.Release|Mixed Platforms.ActiveCfg = Release|Any CPU
		{57174B06-B475-4417-804F-FC99C8A1AD43}.Release|Mixed Platforms.Build.0 = Release|Any CPU
		{57174B06-B475-4417-804F-FC99C8A1AD43}.Release|x86.ActiveCfg = Release|Any CPU
		{21F88C20-F5EE-40AC-9C23-C5EA77F6E87D}.Debug|Any CPU.ActiveCfg = Debug|Any CPU
		{21F88C20-F5EE-40AC-9C23-C5EA77F6E87D}.Debug|Any CPU.Build.0 = Debug|Any CPU
		{21F88C20-F5EE-40AC-9C23-C5EA77F6E87D}.Debug|Mixed Platforms.ActiveCfg = Debug|Any CPU
		{21F88C20-F5EE-40AC-9C23-C5EA77F6E87D}.Debug|Mixed Platforms.Build.0 = Debug|Any CPU
		{21F88C20-F5EE-40AC-9C23-C5EA77F6E87D}.Debug|x86.ActiveCfg = Debug|Any CPU
		{21F88C20-F5EE-40AC-9C23-C5EA77F6E87D}.Release|Any CPU.ActiveCfg = Release|Any CPU
		{21F88C20-F5EE-40AC-9C23-C5EA77F6E87D}.Release|Any CPU.Build.0 = Release|Any CPU
		{21F88C20-F5EE-40AC-9C23-C5EA77F6E87D}.Release|Mixed Platforms.ActiveCfg = Release|Any CPU
		{21F88C20-F5EE-40AC-9C23-C5EA77F6E87D}.Release|Mixed Platforms.Build.0 = Release|Any CPU
		{21F88C20-F5EE-40AC-9C23-C5EA77F6E87D}.Release|x86.ActiveCfg = Release|Any CPU
		{A6D8E721-CA81-4E9B-B69D-893A8B0F1F81}.Debug|Any CPU.ActiveCfg = Debug|x86
		{A6D8E721-CA81-4E9B-B69D-893A8B0F1F81}.Debug|Mixed Platforms.ActiveCfg = Debug|x86
		{A6D8E721-CA81-4E9B-B69D-893A8B0F1F81}.Debug|Mixed Platforms.Build.0 = Debug|x86
		{A6D8E721-CA81-4E9B-B69D-893A8B0F1F81}.Debug|x86.ActiveCfg = Debug|x86
		{A6D8E721-CA81-4E9B-B69D-893A8B0F1F81}.Debug|x86.Build.0 = Debug|x86
		{A6D8E721-CA81-4E9B-B69D-893A8B0F1F81}.Release|Any CPU.ActiveCfg = Release|x86
		{A6D8E721-CA81-4E9B-B69D-893A8B0F1F81}.Release|Mixed Platforms.ActiveCfg = Release|x86
		{A6D8E721-CA81-4E9B-B69D-893A8B0F1F81}.Release|Mixed Platforms.Build.0 = Release|x86
		{A6D8E721-CA81-4E9B-B69D-893A8B0F1F81}.Release|x86.ActiveCfg = Release|x86
		{A6D8E721-CA81-4E9B-B69D-893A8B0F1F81}.Release|x86.Build.0 = Release|x86
		{7CD5FC0B-6E86-4D26-AFDC-383CD3C11248}.Debug|Any CPU.ActiveCfg = Debug|x86
		{7CD5FC0B-6E86-4D26-AFDC-383CD3C11248}.Debug|Mixed Platforms.ActiveCfg = Debug|x86
		{7CD5FC0B-6E86-4D26-AFDC-383CD3C11248}.Debug|Mixed Platforms.Build.0 = Debug|x86
		{7CD5FC0B-6E86-4D26-AFDC-383CD3C11248}.Debug|x86.ActiveCfg = Debug|x86
		{7CD5FC0B-6E86-4D26-AFDC-383CD3C11248}.Debug|x86.Build.0 = Debug|x86
		{7CD5FC0B-6E86-4D26-AFDC-383CD3C11248}.Release|Any CPU.ActiveCfg = Release|x86
		{7CD5FC0B-6E86-4D26-AFDC-383CD3C11248}.Release|Mixed Platforms.ActiveCfg = Release|x86
		{7CD5FC0B-6E86-4D26-AFDC-383CD3C11248}.Release|Mixed Platforms.Build.0 = Release|x86
		{7CD5FC0B-6E86-4D26-AFDC-383CD3C11248}.Release|x86.ActiveCfg = Release|x86
		{7CD5FC0B-6E86-4D26-AFDC-383CD3C11248}.Release|x86.Build.0 = Release|x86
		{F92F47D2-4030-40CF-86B7-62DF7CF059AD}.Debug|Any CPU.ActiveCfg = Debug|x86
		{F92F47D2-4030-40CF-86B7-62DF7CF059AD}.Debug|Mixed Platforms.ActiveCfg = Debug|x86
		{F92F47D2-4030-40CF-86B7-62DF7CF059AD}.Debug|Mixed Platforms.Build.0 = Debug|x86
		{F92F47D2-4030-40CF-86B7-62DF7CF059AD}.Debug|x86.ActiveCfg = Debug|x86
		{F92F47D2-4030-40CF-86B7-62DF7CF059AD}.Debug|x86.Build.0 = Debug|x86
		{F92F47D2-4030-40CF-86B7-62DF7CF059AD}.Release|Any CPU.ActiveCfg = Release|x86
		{F92F47D2-4030-40CF-86B7-62DF7CF059AD}.Release|Mixed Platforms.ActiveCfg = Release|x86
		{F92F47D2-4030-40CF-86B7-62DF7CF059AD}.Release|Mixed Platforms.Build.0 = Release|x86
		{F92F47D2-4030-40CF-86B7-62DF7CF059AD}.Release|x86.ActiveCfg = Release|x86
		{F92F47D2-4030-40CF-86B7-62DF7CF059AD}.Release|x86.Build.0 = Release|x86
	EndGlobalSection
	GlobalSection(SolutionProperties) = preSolution
		HideSolutionNode = FALSE
	EndGlobalSection
	GlobalSection(NestedProjects) = preSolution
		{C11FA539-0C8D-43CF-9859-C108CDC129B8} = {8123980B-7AF4-4FEC-9B83-898667ACBE96}
		{C4EB7D5C-6345-4DF0-BE36-675ABED4CF99} = {8123980B-7AF4-4FEC-9B83-898667ACBE96}
		{0E9905CB-AC27-4E51-AF20-DE100201E288} = {8123980B-7AF4-4FEC-9B83-898667ACBE96}
		{DDBA3173-DD8A-4891-8CB5-0191DE3387AC} = {8123980B-7AF4-4FEC-9B83-898667ACBE96}
		{8ABCAF36-1850-4697-9825-0B10CA24E932} = {8123980B-7AF4-4FEC-9B83-898667ACBE96}
		{8B876049-4CD9-4E57-A05B-E4CF641FF06C} = {8123980B-7AF4-4FEC-9B83-898667ACBE96}
		{38CF2AA6-3748-4300-AE57-582ED583F908} = {8123980B-7AF4-4FEC-9B83-898667ACBE96}
		{77C13BD6-26FF-4E8A-A08A-2BF8E317E5AA} = {8123980B-7AF4-4FEC-9B83-898667ACBE96}
		{AE650CF8-196A-40E6-95C9-65915C8F47E4} = {8123980B-7AF4-4FEC-9B83-898667ACBE96}
		{DBBBE722-0993-4016-8947-2E2D74A4E752} = {8123980B-7AF4-4FEC-9B83-898667ACBE96}
		{6B1D8055-D10F-4A73-8FD4-4DC00B8DC36E} = {8123980B-7AF4-4FEC-9B83-898667ACBE96}
		{425DFCB2-3E30-4E55-AFE6-32FB745A615E} = {96527021-0C31-4445-AC02-4CA4D72B7DF9}
		{2B2FE2B1-C4E1-41F6-9685-8696CF96B459} = {8123980B-7AF4-4FEC-9B83-898667ACBE96}
		{F507752E-D107-4566-9A18-2D61D4C7D632} = {96527021-0C31-4445-AC02-4CA4D72B7DF9}
		{968CCE2F-9847-41B1-98B6-D3F4CEA0D7B6} = {96527021-0C31-4445-AC02-4CA4D72B7DF9}
		{465FB94A-519B-4F7F-B9E1-BC6B2A61CF2C} = {96527021-0C31-4445-AC02-4CA4D72B7DF9}
		{48C1CDC4-7759-439C-B932-251701681F09} = {96527021-0C31-4445-AC02-4CA4D72B7DF9}
		{A44ADE41-CD61-419C-B35B-0400856F3AE1} = {96527021-0C31-4445-AC02-4CA4D72B7DF9}
		{AE85D9C2-2EE9-444B-B1AB-31A9D468C530} = {8123980B-7AF4-4FEC-9B83-898667ACBE96}
		{061CC799-44FA-47AE-B9DC-CBA45186F356} = {8123980B-7AF4-4FEC-9B83-898667ACBE96}
		{57174B06-B475-4417-804F-FC99C8A1AD43} = {8123980B-7AF4-4FEC-9B83-898667ACBE96}
		{21F88C20-F5EE-40AC-9C23-C5EA77F6E87D} = {8123980B-7AF4-4FEC-9B83-898667ACBE96}
		{A6D8E721-CA81-4E9B-B69D-893A8B0F1F81} = {A1D49EEB-F70E-462D-BA66-A0DAAC61B8A0}
		{7CD5FC0B-6E86-4D26-AFDC-383CD3C11248} = {A1D49EEB-F70E-462D-BA66-A0DAAC61B8A0}
		{F92F47D2-4030-40CF-86B7-62DF7CF059AD} = {A1D49EEB-F70E-462D-BA66-A0DAAC61B8A0}
	EndGlobalSection
EndGlobal
