
Microsoft Visual Studio Solution File, Format Version 12.00
# Visual Studio 11
Project("{FAE04EC0-301F-11D3-BF4B-00C04F79EFBC}") = "SimpleImage1", "SimpleImage1\SimpleImage1.csproj", "{6B465393-786B-4CB5-8622-15FAD7FDECFE}"
EndProject
Global
	GlobalSection(SolutionConfigurationPlatforms) = preSolution
		Debug|Any CPU = Debug|Any CPU
		Release|Any CPU = Release|Any CPU
	EndGlobalSection
	GlobalSection(ProjectConfigurationPlatforms) = postSolution
		{6B465393-786B-4CB5-8622-15FAD7FDECFE}.Debug|Any CPU.ActiveCfg = Debug|Any CPU
		{6B465393-786B-4CB5-8622-15FAD7FDECFE}.Debug|Any CPU.Build.0 = Debug|Any CPU
		{6B465393-786B-4CB5-8622-15FAD7FDECFE}.Release|Any CPU.ActiveCfg = Release|Any CPU
		{6B465393-786B-4CB5-8622-15FAD7FDECFE}.Release|Any CPU.Build.0 = Release|Any CPU
	EndGlobalSection
	GlobalSection(SolutionProperties) = preSolution
		HideSolutionNode = FALSE
	EndGlobalSection
EndGlobal
