
Microsoft Visual Studio Solution File, Format Version 12.00
# Visual Studio 11
Project("{FAE04EC0-301F-11D3-BF4B-00C04F79EFBC}") = "Counter", "Counter\Counter.csproj", "{8FCFFBBB-82A9-4A77-ACB6-3A9A5D8C3C1A}"
EndProject
Global
	GlobalSection(SolutionConfigurationPlatforms) = preSolution
		Debug|Any CPU = Debug|Any CPU
		Release|Any CPU = Release|Any CPU
	EndGlobalSection
	GlobalSection(ProjectConfigurationPlatforms) = postSolution
		{8FCFFBBB-82A9-4A77-ACB6-3A9A5D8C3C1A}.Debug|Any CPU.ActiveCfg = Debug|Any CPU
		{8FCFFBBB-82A9-4A77-ACB6-3A9A5D8C3C1A}.Debug|Any CPU.Build.0 = Debug|Any CPU
		{8FCFFBBB-82A9-4A77-ACB6-3A9A5D8C3C1A}.Release|Any CPU.ActiveCfg = Release|Any CPU
		{8FCFFBBB-82A9-4A77-ACB6-3A9A5D8C3C1A}.Release|Any CPU.Build.0 = Release|Any CPU
	EndGlobalSection
	GlobalSection(SolutionProperties) = preSolution
		HideSolutionNode = FALSE
	EndGlobalSection
EndGlobal
