
Microsoft Visual Studio Solution File, Format Version 12.00
# Visual Studio 11
Project("{FAE04EC0-301F-11D3-BF4B-00C04F79EFBC}") = "Help", "Help\Help.csproj", "{5D68C9DA-67EC-4A49-86B8-257BE5396A8E}"
EndProject
Global
	GlobalSection(SolutionConfigurationPlatforms) = preSolution
		Debug|Any CPU = Debug|Any CPU
		Release|Any CPU = Release|Any CPU
	EndGlobalSection
	GlobalSection(ProjectConfigurationPlatforms) = postSolution
		{5D68C9DA-67EC-4A49-86B8-257BE5396A8E}.Debug|Any CPU.ActiveCfg = Debug|Any CPU
		{5D68C9DA-67EC-4A49-86B8-257BE5396A8E}.Debug|Any CPU.Build.0 = Debug|Any CPU
		{5D68C9DA-67EC-4A49-86B8-257BE5396A8E}.Release|Any CPU.ActiveCfg = Release|Any CPU
		{5D68C9DA-67EC-4A49-86B8-257BE5396A8E}.Release|Any CPU.Build.0 = Release|Any CPU
	EndGlobalSection
	GlobalSection(SolutionProperties) = preSolution
		HideSolutionNode = FALSE
	EndGlobalSection
EndGlobal
