
Microsoft Visual Studio Solution File, Format Version 12.00
# Visual Studio 11
Project("{FAE04EC0-301F-11D3-BF4B-00C04F79EFBC}") = "ExcelСЛАУ", "ExcelСЛАУ\ExcelСЛАУ.csproj", "{BFC13E35-7961-419D-9FDB-99C5A4ECACA0}"
EndProject
Global
	GlobalSection(SolutionConfigurationPlatforms) = preSolution
		Debug|Any CPU = Debug|Any CPU
		Release|Any CPU = Release|Any CPU
	EndGlobalSection
	GlobalSection(ProjectConfigurationPlatforms) = postSolution
		{BFC13E35-7961-419D-9FDB-99C5A4ECACA0}.Debug|Any CPU.ActiveCfg = Debug|Any CPU
		{BFC13E35-7961-419D-9FDB-99C5A4ECACA0}.Debug|Any CPU.Build.0 = Debug|Any CPU
		{BFC13E35-7961-419D-9FDB-99C5A4ECACA0}.Release|Any CPU.ActiveCfg = Release|Any CPU
		{BFC13E35-7961-419D-9FDB-99C5A4ECACA0}.Release|Any CPU.Build.0 = Release|Any CPU
	EndGlobalSection
	GlobalSection(SolutionProperties) = preSolution
		HideSolutionNode = FALSE
	EndGlobalSection
EndGlobal
