
Microsoft Visual Studio Solution File, Format Version 12.00
# Visual Studio 11
Project("{FAE04EC0-301F-11D3-BF4B-00C04F79EFBC}") = "Орфография2", "Орфография2\Орфография2.csproj", "{7152B528-8896-4BF5-B985-2FF032AAEAFC}"
EndProject
Global
	GlobalSection(SolutionConfigurationPlatforms) = preSolution
		Debug|Any CPU = Debug|Any CPU
		Release|Any CPU = Release|Any CPU
	EndGlobalSection
	GlobalSection(ProjectConfigurationPlatforms) = postSolution
		{7152B528-8896-4BF5-B985-2FF032AAEAFC}.Debug|Any CPU.ActiveCfg = Debug|Any CPU
		{7152B528-8896-4BF5-B985-2FF032AAEAFC}.Debug|Any CPU.Build.0 = Debug|Any CPU
		{7152B528-8896-4BF5-B985-2FF032AAEAFC}.Release|Any CPU.ActiveCfg = Release|Any CPU
		{7152B528-8896-4BF5-B985-2FF032AAEAFC}.Release|Any CPU.Build.0 = Release|Any CPU
	EndGlobalSection
	GlobalSection(SolutionProperties) = preSolution
		HideSolutionNode = FALSE
	EndGlobalSection
EndGlobal
