
Microsoft Visual Studio Solution File, Format Version 11.00
# Visual Studio 2010
Project("{FAE04EC0-301F-11D3-BF4B-00C04F79EFBC}") = "001_Generics", "Generics\001_Generics.csproj", "{CFA7B409-C6D5-4E30-A1F3-B25591BB1739}"
EndProject
Project("{FAE04EC0-301F-11D3-BF4B-00C04F79EFBC}") = "002_Generics", "Generics2\002_Generics.csproj", "{B47C9039-5373-48F1-8DBE-D1CCC2136F17}"
EndProject
Project("{FAE04EC0-301F-11D3-BF4B-00C04F79EFBC}") = "003_Generics", "Generics3\003_Generics.csproj", "{47DF825F-33D8-407E-B3F7-CAFAF9E0B839}"
EndProject
Project("{FAE04EC0-301F-11D3-BF4B-00C04F79EFBC}") = "004_Generics", "Generics4\004_Generics.csproj", "{59BEFEE1-26EC-4BC4-8CAD-05FBA3C2E143}"
EndProject
Project("{FAE04EC0-301F-11D3-BF4B-00C04F79EFBC}") = "005_Generics", "Generics5\005_Generics.csproj", "{5B507C8E-CA19-4774-B9DF-CFAB028A6C9C}"
EndProject
Project("{FAE04EC0-301F-11D3-BF4B-00C04F79EFBC}") = "006_Generics", "Generics6\006_Generics.csproj", "{C4325FFC-60EE-4D6D-801E-1BFF4DE0763C}"
EndProject
Project("{FAE04EC0-301F-11D3-BF4B-00C04F79EFBC}") = "007_Generics", "Generics7\007_Generics.csproj", "{27E9ADC2-2529-4C6A-AC2F-6C6A8C1192EB}"
EndProject
Project("{FAE04EC0-301F-11D3-BF4B-00C04F79EFBC}") = "009_Generics", "Generics8\009_Generics.csproj", "{E8897241-D46C-4E29-A5A9-A387D620C1AD}"
EndProject
Project("{FAE04EC0-301F-11D3-BF4B-00C04F79EFBC}") = "010_Generics", "Generics9\010_Generics.csproj", "{AFF666DB-11D1-4EF6-88BB-6E936E0087C5}"
EndProject
Project("{FAE04EC0-301F-11D3-BF4B-00C04F79EFBC}") = "011_Generics", "Generics10\011_Generics.csproj", "{02A7697D-8B00-44BE-8223-AD948DF1CC9F}"
EndProject
Project("{FAE04EC0-301F-11D3-BF4B-00C04F79EFBC}") = "012_Generics", "Generics11\012_Generics.csproj", "{18DF772B-EBB3-4D71-9B2A-979813B78C01}"
EndProject
Project("{FAE04EC0-301F-11D3-BF4B-00C04F79EFBC}") = "008_Generics", "Generics12\008_Generics.csproj", "{89309EA0-7030-4C18-A7CE-0B28C8FEA450}"
EndProject
Global
	GlobalSection(SolutionConfigurationPlatforms) = preSolution
		Debug|x86 = Debug|x86
		Release|x86 = Release|x86
	EndGlobalSection
	GlobalSection(ProjectConfigurationPlatforms) = postSolution
		{CFA7B409-C6D5-4E30-A1F3-B25591BB1739}.Debug|x86.ActiveCfg = Debug|x86
		{CFA7B409-C6D5-4E30-A1F3-B25591BB1739}.Debug|x86.Build.0 = Debug|x86
		{CFA7B409-C6D5-4E30-A1F3-B25591BB1739}.Release|x86.ActiveCfg = Release|x86
		{CFA7B409-C6D5-4E30-A1F3-B25591BB1739}.Release|x86.Build.0 = Release|x86
		{B47C9039-5373-48F1-8DBE-D1CCC2136F17}.Debug|x86.ActiveCfg = Debug|x86
		{B47C9039-5373-48F1-8DBE-D1CCC2136F17}.Debug|x86.Build.0 = Debug|x86
		{B47C9039-5373-48F1-8DBE-D1CCC2136F17}.Release|x86.ActiveCfg = Release|x86
		{B47C9039-5373-48F1-8DBE-D1CCC2136F17}.Release|x86.Build.0 = Release|x86
		{47DF825F-33D8-407E-B3F7-CAFAF9E0B839}.Debug|x86.ActiveCfg = Debug|x86
		{47DF825F-33D8-407E-B3F7-CAFAF9E0B839}.Debug|x86.Build.0 = Debug|x86
		{47DF825F-33D8-407E-B3F7-CAFAF9E0B839}.Release|x86.ActiveCfg = Release|x86
		{47DF825F-33D8-407E-B3F7-CAFAF9E0B839}.Release|x86.Build.0 = Release|x86
		{59BEFEE1-26EC-4BC4-8CAD-05FBA3C2E143}.Debug|x86.ActiveCfg = Debug|x86
		{59BEFEE1-26EC-4BC4-8CAD-05FBA3C2E143}.Debug|x86.Build.0 = Debug|x86
		{59BEFEE1-26EC-4BC4-8CAD-05FBA3C2E143}.Release|x86.ActiveCfg = Release|x86
		{59BEFEE1-26EC-4BC4-8CAD-05FBA3C2E143}.Release|x86.Build.0 = Release|x86
		{5B507C8E-CA19-4774-B9DF-CFAB028A6C9C}.Debug|x86.ActiveCfg = Debug|x86
		{5B507C8E-CA19-4774-B9DF-CFAB028A6C9C}.Debug|x86.Build.0 = Debug|x86
		{5B507C8E-CA19-4774-B9DF-CFAB028A6C9C}.Release|x86.ActiveCfg = Release|x86
		{5B507C8E-CA19-4774-B9DF-CFAB028A6C9C}.Release|x86.Build.0 = Release|x86
		{C4325FFC-60EE-4D6D-801E-1BFF4DE0763C}.Debug|x86.ActiveCfg = Debug|x86
		{C4325FFC-60EE-4D6D-801E-1BFF4DE0763C}.Debug|x86.Build.0 = Debug|x86
		{C4325FFC-60EE-4D6D-801E-1BFF4DE0763C}.Release|x86.ActiveCfg = Release|x86
		{C4325FFC-60EE-4D6D-801E-1BFF4DE0763C}.Release|x86.Build.0 = Release|x86
		{27E9ADC2-2529-4C6A-AC2F-6C6A8C1192EB}.Debug|x86.ActiveCfg = Debug|x86
		{27E9ADC2-2529-4C6A-AC2F-6C6A8C1192EB}.Debug|x86.Build.0 = Debug|x86
		{27E9ADC2-2529-4C6A-AC2F-6C6A8C1192EB}.Release|x86.ActiveCfg = Release|x86
		{27E9ADC2-2529-4C6A-AC2F-6C6A8C1192EB}.Release|x86.Build.0 = Release|x86
		{E8897241-D46C-4E29-A5A9-A387D620C1AD}.Debug|x86.ActiveCfg = Debug|x86
		{E8897241-D46C-4E29-A5A9-A387D620C1AD}.Debug|x86.Build.0 = Debug|x86
		{E8897241-D46C-4E29-A5A9-A387D620C1AD}.Release|x86.ActiveCfg = Release|x86
		{E8897241-D46C-4E29-A5A9-A387D620C1AD}.Release|x86.Build.0 = Release|x86
		{AFF666DB-11D1-4EF6-88BB-6E936E0087C5}.Debug|x86.ActiveCfg = Debug|x86
		{AFF666DB-11D1-4EF6-88BB-6E936E0087C5}.Debug|x86.Build.0 = Debug|x86
		{AFF666DB-11D1-4EF6-88BB-6E936E0087C5}.Release|x86.ActiveCfg = Release|x86
		{AFF666DB-11D1-4EF6-88BB-6E936E0087C5}.Release|x86.Build.0 = Release|x86
		{02A7697D-8B00-44BE-8223-AD948DF1CC9F}.Debug|x86.ActiveCfg = Debug|x86
		{02A7697D-8B00-44BE-8223-AD948DF1CC9F}.Debug|x86.Build.0 = Debug|x86
		{02A7697D-8B00-44BE-8223-AD948DF1CC9F}.Release|x86.ActiveCfg = Release|x86
		{02A7697D-8B00-44BE-8223-AD948DF1CC9F}.Release|x86.Build.0 = Release|x86
		{18DF772B-EBB3-4D71-9B2A-979813B78C01}.Debug|x86.ActiveCfg = Debug|x86
		{18DF772B-EBB3-4D71-9B2A-979813B78C01}.Debug|x86.Build.0 = Debug|x86
		{18DF772B-EBB3-4D71-9B2A-979813B78C01}.Release|x86.ActiveCfg = Release|x86
		{18DF772B-EBB3-4D71-9B2A-979813B78C01}.Release|x86.Build.0 = Release|x86
		{89309EA0-7030-4C18-A7CE-0B28C8FEA450}.Debug|x86.ActiveCfg = Debug|x86
		{89309EA0-7030-4C18-A7CE-0B28C8FEA450}.Debug|x86.Build.0 = Debug|x86
		{89309EA0-7030-4C18-A7CE-0B28C8FEA450}.Release|x86.ActiveCfg = Release|x86
		{89309EA0-7030-4C18-A7CE-0B28C8FEA450}.Release|x86.Build.0 = Release|x86
	EndGlobalSection
	GlobalSection(SolutionProperties) = preSolution
		HideSolutionNode = FALSE
	EndGlobalSection
EndGlobal
