
Microsoft Visual Studio Solution File, Format Version 12.00
# Visual Studio 2012
Project("{FAE04EC0-301F-11D3-BF4B-00C04F79EFBC}") = "001_AbstractInstantiate", "AbstractInstantiate\001_AbstractInstantiate.csproj", "{F2270D51-473D-471C-91EB-E8C031B6F9A1}"
EndProject
Project("{FAE04EC0-301F-11D3-BF4B-00C04F79EFBC}") = "002_AbstractInstantiate", "AbstractInstantiate2\002_AbstractInstantiate.csproj", "{D3065AD3-1A35-4150-B3CD-3D1A952FC923}"
EndProject
Global
	GlobalSection(SolutionConfigurationPlatforms) = preSolution
		Debug|Any CPU = Debug|Any CPU
		Release|Any CPU = Release|Any CPU
	EndGlobalSection
	GlobalSection(ProjectConfigurationPlatforms) = postSolution
		{F2270D51-473D-471C-91EB-E8C031B6F9A1}.Debug|Any CPU.ActiveCfg = Debug|Any CPU
		{F2270D51-473D-471C-91EB-E8C031B6F9A1}.Debug|Any CPU.Build.0 = Debug|Any CPU
		{F2270D51-473D-471C-91EB-E8C031B6F9A1}.Release|Any CPU.ActiveCfg = Release|Any CPU
		{F2270D51-473D-471C-91EB-E8C031B6F9A1}.Release|Any CPU.Build.0 = Release|Any CPU
		{D3065AD3-1A35-4150-B3CD-3D1A952FC923}.Debug|Any CPU.ActiveCfg = Debug|Any CPU
		{D3065AD3-1A35-4150-B3CD-3D1A952FC923}.Debug|Any CPU.Build.0 = Debug|Any CPU
		{D3065AD3-1A35-4150-B3CD-3D1A952FC923}.Release|Any CPU.ActiveCfg = Release|Any CPU
		{D3065AD3-1A35-4150-B3CD-3D1A952FC923}.Release|Any CPU.Build.0 = Release|Any CPU
	EndGlobalSection
	GlobalSection(SolutionProperties) = preSolution
		HideSolutionNode = FALSE
	EndGlobalSection
EndGlobal
