
Microsoft Visual Studio Solution File, Format Version 12.00
# Visual Studio 2013
VisualStudioVersion = 12.0.20623.1 VSUPREVIEW
MinimumVisualStudioVersion = 10.0.40219.1
Project("{FAE04EC0-301F-11D3-BF4B-00C04F79EFBC}") = "001_GarbageCollector", "GarbageCollector\001_GarbageCollector.csproj", "{BBBD92C3-890F-4CD0-B593-6F5B25098865}"
EndProject
Project("{2150E333-8FDC-42A3-9474-1A3956D46DE8}") = "001_Destructors", "001_Destructors", "{13B505EB-9680-41B5-9D7E-F49FC82A3D88}"
EndProject
Project("{2150E333-8FDC-42A3-9474-1A3956D46DE8}") = "002_GarbageCollector", "002_GarbageCollector", "{AD47B704-07DB-4643-906E-2F36202AB67C}"
EndProject
Project("{2150E333-8FDC-42A3-9474-1A3956D46DE8}") = "003_IDisposable", "003_IDisposable", "{62A407F3-83E0-4E96-B3A2-D23F14161F3D}"
EndProject
Project("{FAE04EC0-301F-11D3-BF4B-00C04F79EFBC}") = "001_Destructor", "Destructor\001_Destructor.csproj", "{005324A4-4794-4405-AC30-A8DD786DD257}"
EndProject
Project("{FAE04EC0-301F-11D3-BF4B-00C04F79EFBC}") = "002_DestructorStruct", "DestructorStruct\002_DestructorStruct.csproj", "{17D8C440-AC27-436A-96DE-8F0CCD8F7375}"
EndProject
Project("{FAE04EC0-301F-11D3-BF4B-00C04F79EFBC}") = "003_DestructorThread", "DestructorThread\003_DestructorThread.csproj", "{528D4CA3-6CB8-41DE-B4E1-2D5A5A73D9E7}"
EndProject
Project("{FAE04EC0-301F-11D3-BF4B-00C04F79EFBC}") = "004_DestructorRunTime", "DestructorRunTime\004_DestructorRunTime.csproj", "{B8DA7A5A-8F73-4208-A4A0-A7F9F32C59A2}"
EndProject
Project("{FAE04EC0-301F-11D3-BF4B-00C04F79EFBC}") = "005_DestructorException", "DestructorException\005_DestructorException.csproj", "{56FF1D5E-6833-4258-A810-357B6EC54D38}"
EndProject
Project("{FAE04EC0-301F-11D3-BF4B-00C04F79EFBC}") = "006_DestructorTryCatch", "DestructorTryCatch\006_DestructorTryCatch.csproj", "{C855DEF8-A847-4979-B0A2-47DC00538C1A}"
EndProject
Project("{FAE04EC0-301F-11D3-BF4B-00C04F79EFBC}") = "007_DestructorObject", "DestructorObject\007_DestructorObject.csproj", "{30308170-3D88-4D37-9BEB-CE9C24C9C2E9}"
EndProject
Project("{FAE04EC0-301F-11D3-BF4B-00C04F79EFBC}") = "002_GCWaitFinalizers", "GCWaitFinalizers\002_GCWaitFinalizers.csproj", "{82782D9B-8836-41D0-B1B2-1C9866DBCD65}"
EndProject
Project("{FAE04EC0-301F-11D3-BF4B-00C04F79EFBC}") = "003_GCBigObjects", "GCBigObjects\003_GCBigObjects.csproj", "{C4B1D4F1-BAFF-40BB-A66A-C728BC69AD4B}"
EndProject
Project("{FAE04EC0-301F-11D3-BF4B-00C04F79EFBC}") = "004_GCMemoryException", "GCMemoryException\004_GCMemoryException.csproj", "{67021080-181B-4301-8334-7070D804FB73}"
EndProject
Project("{FAE04EC0-301F-11D3-BF4B-00C04F79EFBC}") = "005_Resurrection", "Resurrection\005_Resurrection.csproj", "{A58A8EB2-2ABD-43FE-B7B0-ACAFEFACCB67}"
EndProject
Project("{FAE04EC0-301F-11D3-BF4B-00C04F79EFBC}") = "006_Resurrection2", "Resurrection2\006_Resurrection2.csproj", "{72CE7D31-D092-4776-8EA6-0AB8271BC059}"
EndProject
Project("{FAE04EC0-301F-11D3-BF4B-00C04F79EFBC}") = "007_ParallelGC", "ParallelGC\007_ParallelGC.csproj", "{DB21DC5E-D47D-4722-88BF-3290CA5CC836}"
EndProject
Project("{FAE04EC0-301F-11D3-BF4B-00C04F79EFBC}") = "001_IDisposableFinalization", "IDisposableFinalization\001_IDisposableFinalization.csproj", "{CAB610F1-5D18-44B2-BAC4-B145083D4958}"
EndProject
Project("{FAE04EC0-301F-11D3-BF4B-00C04F79EFBC}") = "002_FinalizationPattern", "FinalizationPattern\002_FinalizationPattern.csproj", "{E433C645-7ACF-423C-A68B-DED650567B5A}"
EndProject
Global
	GlobalSection(SolutionConfigurationPlatforms) = preSolution
		Debug|Any CPU = Debug|Any CPU
		Release|Any CPU = Release|Any CPU
	EndGlobalSection
	GlobalSection(ProjectConfigurationPlatforms) = postSolution
		{BBBD92C3-890F-4CD0-B593-6F5B25098865}.Debug|Any CPU.ActiveCfg = Debug|Any CPU
		{BBBD92C3-890F-4CD0-B593-6F5B25098865}.Debug|Any CPU.Build.0 = Debug|Any CPU
		{BBBD92C3-890F-4CD0-B593-6F5B25098865}.Release|Any CPU.ActiveCfg = Release|Any CPU
		{BBBD92C3-890F-4CD0-B593-6F5B25098865}.Release|Any CPU.Build.0 = Release|Any CPU
		{005324A4-4794-4405-AC30-A8DD786DD257}.Debug|Any CPU.ActiveCfg = Debug|Any CPU
		{005324A4-4794-4405-AC30-A8DD786DD257}.Debug|Any CPU.Build.0 = Debug|Any CPU
		{005324A4-4794-4405-AC30-A8DD786DD257}.Release|Any CPU.ActiveCfg = Release|Any CPU
		{005324A4-4794-4405-AC30-A8DD786DD257}.Release|Any CPU.Build.0 = Release|Any CPU
		{17D8C440-AC27-436A-96DE-8F0CCD8F7375}.Debug|Any CPU.ActiveCfg = Debug|Any CPU
		{17D8C440-AC27-436A-96DE-8F0CCD8F7375}.Debug|Any CPU.Build.0 = Debug|Any CPU
		{17D8C440-AC27-436A-96DE-8F0CCD8F7375}.Release|Any CPU.ActiveCfg = Release|Any CPU
		{17D8C440-AC27-436A-96DE-8F0CCD8F7375}.Release|Any CPU.Build.0 = Release|Any CPU
		{528D4CA3-6CB8-41DE-B4E1-2D5A5A73D9E7}.Debug|Any CPU.ActiveCfg = Debug|Any CPU
		{528D4CA3-6CB8-41DE-B4E1-2D5A5A73D9E7}.Debug|Any CPU.Build.0 = Debug|Any CPU
		{528D4CA3-6CB8-41DE-B4E1-2D5A5A73D9E7}.Release|Any CPU.ActiveCfg = Release|Any CPU
		{528D4CA3-6CB8-41DE-B4E1-2D5A5A73D9E7}.Release|Any CPU.Build.0 = Release|Any CPU
		{B8DA7A5A-8F73-4208-A4A0-A7F9F32C59A2}.Debug|Any CPU.ActiveCfg = Debug|Any CPU
		{B8DA7A5A-8F73-4208-A4A0-A7F9F32C59A2}.Debug|Any CPU.Build.0 = Debug|Any CPU
		{B8DA7A5A-8F73-4208-A4A0-A7F9F32C59A2}.Release|Any CPU.ActiveCfg = Release|Any CPU
		{B8DA7A5A-8F73-4208-A4A0-A7F9F32C59A2}.Release|Any CPU.Build.0 = Release|Any CPU
		{56FF1D5E-6833-4258-A810-357B6EC54D38}.Debug|Any CPU.ActiveCfg = Debug|Any CPU
		{56FF1D5E-6833-4258-A810-357B6EC54D38}.Debug|Any CPU.Build.0 = Debug|Any CPU
		{56FF1D5E-6833-4258-A810-357B6EC54D38}.Release|Any CPU.ActiveCfg = Release|Any CPU
		{56FF1D5E-6833-4258-A810-357B6EC54D38}.Release|Any CPU.Build.0 = Release|Any CPU
		{C855DEF8-A847-4979-B0A2-47DC00538C1A}.Debug|Any CPU.ActiveCfg = Debug|Any CPU
		{C855DEF8-A847-4979-B0A2-47DC00538C1A}.Debug|Any CPU.Build.0 = Debug|Any CPU
		{C855DEF8-A847-4979-B0A2-47DC00538C1A}.Release|Any CPU.ActiveCfg = Release|Any CPU
		{C855DEF8-A847-4979-B0A2-47DC00538C1A}.Release|Any CPU.Build.0 = Release|Any CPU
		{30308170-3D88-4D37-9BEB-CE9C24C9C2E9}.Debug|Any CPU.ActiveCfg = Debug|Any CPU
		{30308170-3D88-4D37-9BEB-CE9C24C9C2E9}.Debug|Any CPU.Build.0 = Debug|Any CPU
		{30308170-3D88-4D37-9BEB-CE9C24C9C2E9}.Release|Any CPU.ActiveCfg = Release|Any CPU
		{30308170-3D88-4D37-9BEB-CE9C24C9C2E9}.Release|Any CPU.Build.0 = Release|Any CPU
		{82782D9B-8836-41D0-B1B2-1C9866DBCD65}.Debug|Any CPU.ActiveCfg = Debug|Any CPU
		{82782D9B-8836-41D0-B1B2-1C9866DBCD65}.Debug|Any CPU.Build.0 = Debug|Any CPU
		{82782D9B-8836-41D0-B1B2-1C9866DBCD65}.Release|Any CPU.ActiveCfg = Release|Any CPU
		{82782D9B-8836-41D0-B1B2-1C9866DBCD65}.Release|Any CPU.Build.0 = Release|Any CPU
		{C4B1D4F1-BAFF-40BB-A66A-C728BC69AD4B}.Debug|Any CPU.ActiveCfg = Debug|Any CPU
		{C4B1D4F1-BAFF-40BB-A66A-C728BC69AD4B}.Debug|Any CPU.Build.0 = Debug|Any CPU
		{C4B1D4F1-BAFF-40BB-A66A-C728BC69AD4B}.Release|Any CPU.ActiveCfg = Release|Any CPU
		{C4B1D4F1-BAFF-40BB-A66A-C728BC69AD4B}.Release|Any CPU.Build.0 = Release|Any CPU
		{67021080-181B-4301-8334-7070D804FB73}.Debug|Any CPU.ActiveCfg = Debug|Any CPU
		{67021080-181B-4301-8334-7070D804FB73}.Debug|Any CPU.Build.0 = Debug|Any CPU
		{67021080-181B-4301-8334-7070D804FB73}.Release|Any CPU.ActiveCfg = Release|Any CPU
		{67021080-181B-4301-8334-7070D804FB73}.Release|Any CPU.Build.0 = Release|Any CPU
		{A58A8EB2-2ABD-43FE-B7B0-ACAFEFACCB67}.Debug|Any CPU.ActiveCfg = Debug|Any CPU
		{A58A8EB2-2ABD-43FE-B7B0-ACAFEFACCB67}.Debug|Any CPU.Build.0 = Debug|Any CPU
		{A58A8EB2-2ABD-43FE-B7B0-ACAFEFACCB67}.Release|Any CPU.ActiveCfg = Release|Any CPU
		{A58A8EB2-2ABD-43FE-B7B0-ACAFEFACCB67}.Release|Any CPU.Build.0 = Release|Any CPU
		{72CE7D31-D092-4776-8EA6-0AB8271BC059}.Debug|Any CPU.ActiveCfg = Debug|Any CPU
		{72CE7D31-D092-4776-8EA6-0AB8271BC059}.Debug|Any CPU.Build.0 = Debug|Any CPU
		{72CE7D31-D092-4776-8EA6-0AB8271BC059}.Release|Any CPU.ActiveCfg = Release|Any CPU
		{72CE7D31-D092-4776-8EA6-0AB8271BC059}.Release|Any CPU.Build.0 = Release|Any CPU
		{DB21DC5E-D47D-4722-88BF-3290CA5CC836}.Debug|Any CPU.ActiveCfg = Debug|Any CPU
		{DB21DC5E-D47D-4722-88BF-3290CA5CC836}.Debug|Any CPU.Build.0 = Debug|Any CPU
		{DB21DC5E-D47D-4722-88BF-3290CA5CC836}.Release|Any CPU.ActiveCfg = Release|Any CPU
		{DB21DC5E-D47D-4722-88BF-3290CA5CC836}.Release|Any CPU.Build.0 = Release|Any CPU
		{CAB610F1-5D18-44B2-BAC4-B145083D4958}.Debug|Any CPU.ActiveCfg = Debug|Any CPU
		{CAB610F1-5D18-44B2-BAC4-B145083D4958}.Debug|Any CPU.Build.0 = Debug|Any CPU
		{CAB610F1-5D18-44B2-BAC4-B145083D4958}.Release|Any CPU.ActiveCfg = Release|Any CPU
		{CAB610F1-5D18-44B2-BAC4-B145083D4958}.Release|Any CPU.Build.0 = Release|Any CPU
		{E433C645-7ACF-423C-A68B-DED650567B5A}.Debug|Any CPU.ActiveCfg = Debug|Any CPU
		{E433C645-7ACF-423C-A68B-DED650567B5A}.Debug|Any CPU.Build.0 = Debug|Any CPU
		{E433C645-7ACF-423C-A68B-DED650567B5A}.Release|Any CPU.ActiveCfg = Release|Any CPU
		{E433C645-7ACF-423C-A68B-DED650567B5A}.Release|Any CPU.Build.0 = Release|Any CPU
	EndGlobalSection
	GlobalSection(SolutionProperties) = preSolution
		HideSolutionNode = FALSE
	EndGlobalSection
	GlobalSection(NestedProjects) = preSolution
		{BBBD92C3-890F-4CD0-B593-6F5B25098865} = {AD47B704-07DB-4643-906E-2F36202AB67C}
		{82782D9B-8836-41D0-B1B2-1C9866DBCD65} = {AD47B704-07DB-4643-906E-2F36202AB67C}
		{C4B1D4F1-BAFF-40BB-A66A-C728BC69AD4B} = {AD47B704-07DB-4643-906E-2F36202AB67C}
		{67021080-181B-4301-8334-7070D804FB73} = {AD47B704-07DB-4643-906E-2F36202AB67C}
		{A58A8EB2-2ABD-43FE-B7B0-ACAFEFACCB67} = {AD47B704-07DB-4643-906E-2F36202AB67C}
		{72CE7D31-D092-4776-8EA6-0AB8271BC059} = {AD47B704-07DB-4643-906E-2F36202AB67C}
		{DB21DC5E-D47D-4722-88BF-3290CA5CC836} = {AD47B704-07DB-4643-906E-2F36202AB67C}
		{005324A4-4794-4405-AC30-A8DD786DD257} = {13B505EB-9680-41B5-9D7E-F49FC82A3D88}
		{17D8C440-AC27-436A-96DE-8F0CCD8F7375} = {13B505EB-9680-41B5-9D7E-F49FC82A3D88}
		{528D4CA3-6CB8-41DE-B4E1-2D5A5A73D9E7} = {13B505EB-9680-41B5-9D7E-F49FC82A3D88}
		{B8DA7A5A-8F73-4208-A4A0-A7F9F32C59A2} = {13B505EB-9680-41B5-9D7E-F49FC82A3D88}
		{56FF1D5E-6833-4258-A810-357B6EC54D38} = {13B505EB-9680-41B5-9D7E-F49FC82A3D88}
		{C855DEF8-A847-4979-B0A2-47DC00538C1A} = {13B505EB-9680-41B5-9D7E-F49FC82A3D88}
		{30308170-3D88-4D37-9BEB-CE9C24C9C2E9} = {13B505EB-9680-41B5-9D7E-F49FC82A3D88}
		{CAB610F1-5D18-44B2-BAC4-B145083D4958} = {62A407F3-83E0-4E96-B3A2-D23F14161F3D}
		{E433C645-7ACF-423C-A68B-DED650567B5A} = {62A407F3-83E0-4E96-B3A2-D23F14161F3D}
	EndGlobalSection
EndGlobal
