
Microsoft Visual Studio Solution File, Format Version 12.00
# Visual Studio 11
Project("{FAE04EC0-301F-11D3-BF4B-00C04F79EFBC}") = "СменаИзображения", "СменаИзображения\СменаИзображения.csproj", "{8134C827-AE73-4D81-BEC2-F466B46BA690}"
EndProject
Global
	GlobalSection(SolutionConfigurationPlatforms) = preSolution
		Debug|Any CPU = Debug|Any CPU
		Release|Any CPU = Release|Any CPU
	EndGlobalSection
	GlobalSection(ProjectConfigurationPlatforms) = postSolution
		{8134C827-AE73-4D81-BEC2-F466B46BA690}.Debug|Any CPU.ActiveCfg = Debug|Any CPU
		{8134C827-AE73-4D81-BEC2-F466B46BA690}.Debug|Any CPU.Build.0 = Debug|Any CPU
		{8134C827-AE73-4D81-BEC2-F466B46BA690}.Release|Any CPU.ActiveCfg = Release|Any CPU
		{8134C827-AE73-4D81-BEC2-F466B46BA690}.Release|Any CPU.Build.0 = Release|Any CPU
	EndGlobalSection
	GlobalSection(SolutionProperties) = preSolution
		HideSolutionNode = FALSE
	EndGlobalSection
EndGlobal
