
Microsoft Visual Studio Solution File, Format Version 12.00
# Visual Studio 11
Project("{FAE04EC0-301F-11D3-BF4B-00C04F79EFBC}") = "LinqСоздатьXML-документ", "LinqСоздатьXML-документ\LinqСоздатьXML-документ.csproj", "{C693CEB1-C705-41C3-9D42-5B022B565464}"
EndProject
Global
	GlobalSection(SolutionConfigurationPlatforms) = preSolution
		Debug|Any CPU = Debug|Any CPU
		Release|Any CPU = Release|Any CPU
	EndGlobalSection
	GlobalSection(ProjectConfigurationPlatforms) = postSolution
		{C693CEB1-C705-41C3-9D42-5B022B565464}.Debug|Any CPU.ActiveCfg = Debug|Any CPU
		{C693CEB1-C705-41C3-9D42-5B022B565464}.Debug|Any CPU.Build.0 = Debug|Any CPU
		{C693CEB1-C705-41C3-9D42-5B022B565464}.Release|Any CPU.ActiveCfg = Release|Any CPU
		{C693CEB1-C705-41C3-9D42-5B022B565464}.Release|Any CPU.Build.0 = Release|Any CPU
	EndGlobalSection
	GlobalSection(SolutionProperties) = preSolution
		HideSolutionNode = FALSE
	EndGlobalSection
EndGlobal
