
Microsoft Visual Studio Solution File, Format Version 12.00
# Visual Studio 2012
Project("{FAE04EC0-301F-11D3-BF4B-00C04F79EFBC}") = "001_CustomSerialization", "CustomSerialization\001_CustomSerialization.csproj", "{4E4314D4-FA9C-45E9-860D-079DFB69988F}"
EndProject
Project("{FAE04EC0-301F-11D3-BF4B-00C04F79EFBC}") = "002_SerializationEvent", "SerializationEvent\002_SerializationEvent.csproj", "{1B7E6DC0-2E55-4288-A1C0-9BB61D3BF0ED}"
EndProject
Global
	GlobalSection(SolutionConfigurationPlatforms) = preSolution
		Debug|Any CPU = Debug|Any CPU
		Debug|Mixed Platforms = Debug|Mixed Platforms
		Debug|x86 = Debug|x86
		Release|Any CPU = Release|Any CPU
		Release|Mixed Platforms = Release|Mixed Platforms
		Release|x86 = Release|x86
	EndGlobalSection
	GlobalSection(ProjectConfigurationPlatforms) = postSolution
		{4E4314D4-FA9C-45E9-860D-079DFB69988F}.Debug|Any CPU.ActiveCfg = Debug|x86
		{4E4314D4-FA9C-45E9-860D-079DFB69988F}.Debug|Mixed Platforms.ActiveCfg = Debug|x86
		{4E4314D4-FA9C-45E9-860D-079DFB69988F}.Debug|Mixed Platforms.Build.0 = Debug|x86
		{4E4314D4-FA9C-45E9-860D-079DFB69988F}.Debug|x86.ActiveCfg = Debug|x86
		{4E4314D4-FA9C-45E9-860D-079DFB69988F}.Debug|x86.Build.0 = Debug|x86
		{4E4314D4-FA9C-45E9-860D-079DFB69988F}.Release|Any CPU.ActiveCfg = Release|x86
		{4E4314D4-FA9C-45E9-860D-079DFB69988F}.Release|Mixed Platforms.ActiveCfg = Release|x86
		{4E4314D4-FA9C-45E9-860D-079DFB69988F}.Release|Mixed Platforms.Build.0 = Release|x86
		{4E4314D4-FA9C-45E9-860D-079DFB69988F}.Release|x86.ActiveCfg = Release|x86
		{4E4314D4-FA9C-45E9-860D-079DFB69988F}.Release|x86.Build.0 = Release|x86
		{1B7E6DC0-2E55-4288-A1C0-9BB61D3BF0ED}.Debug|Any CPU.ActiveCfg = Debug|x86
		{1B7E6DC0-2E55-4288-A1C0-9BB61D3BF0ED}.Debug|Mixed Platforms.ActiveCfg = Debug|x86
		{1B7E6DC0-2E55-4288-A1C0-9BB61D3BF0ED}.Debug|Mixed Platforms.Build.0 = Debug|x86
		{1B7E6DC0-2E55-4288-A1C0-9BB61D3BF0ED}.Debug|x86.ActiveCfg = Debug|x86
		{1B7E6DC0-2E55-4288-A1C0-9BB61D3BF0ED}.Debug|x86.Build.0 = Debug|x86
		{1B7E6DC0-2E55-4288-A1C0-9BB61D3BF0ED}.Release|Any CPU.ActiveCfg = Release|x86
		{1B7E6DC0-2E55-4288-A1C0-9BB61D3BF0ED}.Release|Mixed Platforms.ActiveCfg = Release|x86
		{1B7E6DC0-2E55-4288-A1C0-9BB61D3BF0ED}.Release|Mixed Platforms.Build.0 = Release|x86
		{1B7E6DC0-2E55-4288-A1C0-9BB61D3BF0ED}.Release|x86.ActiveCfg = Release|x86
		{1B7E6DC0-2E55-4288-A1C0-9BB61D3BF0ED}.Release|x86.Build.0 = Release|x86
	EndGlobalSection
	GlobalSection(SolutionProperties) = preSolution
		HideSolutionNode = FALSE
	EndGlobalSection
EndGlobal
