
Microsoft Visual Studio Solution File, Format Version 12.00
# Visual Studio 11
Project("{FAE04EC0-301F-11D3-BF4B-00C04F79EFBC}") = "SimpleImage3", "SimpleImage3\SimpleImage3.csproj", "{145850B0-4CE6-4853-9276-CE61555BAF1E}"
EndProject
Global
	GlobalSection(SolutionConfigurationPlatforms) = preSolution
		Debug|Any CPU = Debug|Any CPU
		Release|Any CPU = Release|Any CPU
	EndGlobalSection
	GlobalSection(ProjectConfigurationPlatforms) = postSolution
		{145850B0-4CE6-4853-9276-CE61555BAF1E}.Debug|Any CPU.ActiveCfg = Debug|Any CPU
		{145850B0-4CE6-4853-9276-CE61555BAF1E}.Debug|Any CPU.Build.0 = Debug|Any CPU
		{145850B0-4CE6-4853-9276-CE61555BAF1E}.Release|Any CPU.ActiveCfg = Release|Any CPU
		{145850B0-4CE6-4853-9276-CE61555BAF1E}.Release|Any CPU.Build.0 = Release|Any CPU
	EndGlobalSection
	GlobalSection(SolutionProperties) = preSolution
		HideSolutionNode = FALSE
	EndGlobalSection
EndGlobal
