
Microsoft Visual Studio Solution File, Format Version 12.00
# Visual Studio 11
Project("{FAE04EC0-301F-11D3-BF4B-00C04F79EFBC}") = "Создать_PDF_2", "Создать_PDF_2\Создать_PDF_2.csproj", "{AF0878F9-31E9-4116-A974-F86C4DDC806D}"
EndProject
Global
	GlobalSection(SolutionConfigurationPlatforms) = preSolution
		Debug|Any CPU = Debug|Any CPU
		Release|Any CPU = Release|Any CPU
	EndGlobalSection
	GlobalSection(ProjectConfigurationPlatforms) = postSolution
		{AF0878F9-31E9-4116-A974-F86C4DDC806D}.Debug|Any CPU.ActiveCfg = Debug|Any CPU
		{AF0878F9-31E9-4116-A974-F86C4DDC806D}.Debug|Any CPU.Build.0 = Debug|Any CPU
		{AF0878F9-31E9-4116-A974-F86C4DDC806D}.Release|Any CPU.ActiveCfg = Release|Any CPU
		{AF0878F9-31E9-4116-A974-F86C4DDC806D}.Release|Any CPU.Build.0 = Release|Any CPU
	EndGlobalSection
	GlobalSection(SolutionProperties) = preSolution
		HideSolutionNode = FALSE
	EndGlobalSection
EndGlobal
