
Microsoft Visual Studio Solution File, Format Version 11.00
# Visual Studio 2010
Project("{FAE04EC0-301F-11D3-BF4B-00C04F79EFBC}") = "Addition task", "Addition task\Addition task.csproj", "{552F27C3-1F66-42FB-9C40-1FE0A8F45790}"
EndProject
Project("{FAE04EC0-301F-11D3-BF4B-00C04F79EFBC}") = "Task 2", "Task 2\Task 2.csproj", "{92235412-ED54-4739-A154-3F0CA26DCAC3}"
EndProject
Project("{FAE04EC0-301F-11D3-BF4B-00C04F79EFBC}") = "Task 3", "Task 3\Task 3.csproj", "{74A1A2CD-04E9-4BF0-A865-BA38D980150F}"
EndProject
Project("{FAE04EC0-301F-11D3-BF4B-00C04F79EFBC}") = "Task 4", "Task 4\Task 4.csproj", "{10FE7E2F-30D2-4B5A-983F-A8F789849102}"
EndProject
Global
	GlobalSection(SolutionConfigurationPlatforms) = preSolution
		Debug|x86 = Debug|x86
		Release|x86 = Release|x86
	EndGlobalSection
	GlobalSection(ProjectConfigurationPlatforms) = postSolution
		{552F27C3-1F66-42FB-9C40-1FE0A8F45790}.Debug|x86.ActiveCfg = Debug|x86
		{552F27C3-1F66-42FB-9C40-1FE0A8F45790}.Debug|x86.Build.0 = Debug|x86
		{552F27C3-1F66-42FB-9C40-1FE0A8F45790}.Release|x86.ActiveCfg = Release|x86
		{552F27C3-1F66-42FB-9C40-1FE0A8F45790}.Release|x86.Build.0 = Release|x86
		{92235412-ED54-4739-A154-3F0CA26DCAC3}.Debug|x86.ActiveCfg = Debug|x86
		{92235412-ED54-4739-A154-3F0CA26DCAC3}.Debug|x86.Build.0 = Debug|x86
		{92235412-ED54-4739-A154-3F0CA26DCAC3}.Release|x86.ActiveCfg = Release|x86
		{92235412-ED54-4739-A154-3F0CA26DCAC3}.Release|x86.Build.0 = Release|x86
		{74A1A2CD-04E9-4BF0-A865-BA38D980150F}.Debug|x86.ActiveCfg = Debug|x86
		{74A1A2CD-04E9-4BF0-A865-BA38D980150F}.Debug|x86.Build.0 = Debug|x86
		{74A1A2CD-04E9-4BF0-A865-BA38D980150F}.Release|x86.ActiveCfg = Release|x86
		{74A1A2CD-04E9-4BF0-A865-BA38D980150F}.Release|x86.Build.0 = Release|x86
		{10FE7E2F-30D2-4B5A-983F-A8F789849102}.Debug|x86.ActiveCfg = Debug|x86
		{10FE7E2F-30D2-4B5A-983F-A8F789849102}.Debug|x86.Build.0 = Debug|x86
		{10FE7E2F-30D2-4B5A-983F-A8F789849102}.Release|x86.ActiveCfg = Release|x86
		{10FE7E2F-30D2-4B5A-983F-A8F789849102}.Release|x86.Build.0 = Release|x86
	EndGlobalSection
	GlobalSection(SolutionProperties) = preSolution
		HideSolutionNode = FALSE
	EndGlobalSection
EndGlobal
