
Microsoft Visual Studio Solution File, Format Version 12.00
# Visual Studio 11
Project("{FAE04EC0-301F-11D3-BF4B-00C04F79EFBC}") = "WpfАниме", "WpfАниме\WpfАниме.csproj", "{111A7705-FAFA-4656-987B-D32210E1BE4C}"
EndProject
Global
	GlobalSection(SolutionConfigurationPlatforms) = preSolution
		Debug|Any CPU = Debug|Any CPU
		Release|Any CPU = Release|Any CPU
	EndGlobalSection
	GlobalSection(ProjectConfigurationPlatforms) = postSolution
		{111A7705-FAFA-4656-987B-D32210E1BE4C}.Debug|Any CPU.ActiveCfg = Debug|Any CPU
		{111A7705-FAFA-4656-987B-D32210E1BE4C}.Debug|Any CPU.Build.0 = Debug|Any CPU
		{111A7705-FAFA-4656-987B-D32210E1BE4C}.Release|Any CPU.ActiveCfg = Release|Any CPU
		{111A7705-FAFA-4656-987B-D32210E1BE4C}.Release|Any CPU.Build.0 = Release|Any CPU
	EndGlobalSection
	GlobalSection(SolutionProperties) = preSolution
		HideSolutionNode = FALSE
	EndGlobalSection
EndGlobal
