
Microsoft Visual Studio Solution File, Format Version 12.00
# Visual Studio 11
Project("{FAE04EC0-301F-11D3-BF4B-00C04F79EFBC}") = "TxtUnicode", "TxtUnicode\TxtUnicode.csproj", "{B8EA3EC8-6B59-4937-B8E8-C45B8561DE2B}"
EndProject
Global
	GlobalSection(SolutionConfigurationPlatforms) = preSolution
		Debug|Any CPU = Debug|Any CPU
		Release|Any CPU = Release|Any CPU
	EndGlobalSection
	GlobalSection(ProjectConfigurationPlatforms) = postSolution
		{B8EA3EC8-6B59-4937-B8E8-C45B8561DE2B}.Debug|Any CPU.ActiveCfg = Debug|Any CPU
		{B8EA3EC8-6B59-4937-B8E8-C45B8561DE2B}.Debug|Any CPU.Build.0 = Debug|Any CPU
		{B8EA3EC8-6B59-4937-B8E8-C45B8561DE2B}.Release|Any CPU.ActiveCfg = Release|Any CPU
		{B8EA3EC8-6B59-4937-B8E8-C45B8561DE2B}.Release|Any CPU.Build.0 = Release|Any CPU
	EndGlobalSection
	GlobalSection(SolutionProperties) = preSolution
		HideSolutionNode = FALSE
	EndGlobalSection
EndGlobal
