
Microsoft Visual Studio Solution File, Format Version 11.00
# Visual Studio 2010
Project("{FAE04EC0-301F-11D3-BF4B-00C04F79EFBC}") = "001_Dynamic", "Dynamic\001_Dynamic.csproj", "{B257FD54-D0B1-4F56-8378-FE733F2207FE}"
EndProject
Project("{FAE04EC0-301F-11D3-BF4B-00C04F79EFBC}") = "002_Dynamic", "Dynamic2\002_Dynamic.csproj", "{1AF1CC17-ADA4-46F7-88EA-FE0E1FFED9C5}"
EndProject
Project("{FAE04EC0-301F-11D3-BF4B-00C04F79EFBC}") = "003_Dynamic", "Dynamic3\003_Dynamic.csproj", "{A4DBDC0D-1F86-4900-8A4A-DCCDB586F34A}"
EndProject
Project("{FAE04EC0-301F-11D3-BF4B-00C04F79EFBC}") = "004_Dynamic", "Dynamic4\004_Dynamic.csproj", "{9F85C103-ED7D-45E1-A47B-5741356CBA8E}"
EndProject
Project("{FAE04EC0-301F-11D3-BF4B-00C04F79EFBC}") = "005_Dynamic", "Dynamic5\005_Dynamic.csproj", "{0E947E6D-25A1-4103-AF7E-95ECDC099911}"
EndProject
Project("{FAE04EC0-301F-11D3-BF4B-00C04F79EFBC}") = "006_Dynamic", "Dynamic6\006_Dynamic.csproj", "{3BFF1772-AA91-449C-A04A-E97D0105D8A1}"
EndProject
Project("{FAE04EC0-301F-11D3-BF4B-00C04F79EFBC}") = "007_Dynamic", "Dynamic7\007_Dynamic.csproj", "{17007EE1-1EF3-4EDD-A37F-5FE76FEA8A96}"
EndProject
Project("{FAE04EC0-301F-11D3-BF4B-00C04F79EFBC}") = "008_Dynamic", "Dynamic8\008_Dynamic.csproj", "{489E2AE0-E738-4E3C-BA3E-6A4305704D9E}"
EndProject
Project("{FAE04EC0-301F-11D3-BF4B-00C04F79EFBC}") = "009_Dynamic", "Dynamic9\009_Dynamic.csproj", "{1F443A8F-E41E-4AFB-BA52-2DC58BAAD220}"
EndProject
Project("{FAE04EC0-301F-11D3-BF4B-00C04F79EFBC}") = "010_Dynamic", "Dynamic10\010_Dynamic.csproj", "{ACB16C74-A9AB-450F-AE2E-232B3050F94E}"
EndProject
Project("{FAE04EC0-301F-11D3-BF4B-00C04F79EFBC}") = "011_Dynamic", "Dynamic11\011_Dynamic.csproj", "{EEBEA651-8D82-4FAF-8773-5CD95931B983}"
EndProject
Project("{FAE04EC0-301F-11D3-BF4B-00C04F79EFBC}") = "012_Dynamic", "Dynamic12\012_Dynamic.csproj", "{EF72F100-FABE-4EC4-9828-3B7D664894BB}"
EndProject
Project("{FAE04EC0-301F-11D3-BF4B-00C04F79EFBC}") = "013_Dynamic", "Dynamic13\013_Dynamic.csproj", "{66318AAF-FE26-4C3B-B8BB-87AF3FACD530}"
EndProject
Project("{FAE04EC0-301F-11D3-BF4B-00C04F79EFBC}") = "014_Dynamic", "Dynamic14\014_Dynamic.csproj", "{6AE28D8C-B426-4AF3-AC74-7740C6D7F27F}"
EndProject
Project("{FAE04EC0-301F-11D3-BF4B-00C04F79EFBC}") = "015_Dynamic", "Dynamic15\015_Dynamic.csproj", "{AFC49498-D7B1-409F-A0A0-389009ED6C40}"
EndProject
Project("{FAE04EC0-301F-11D3-BF4B-00C04F79EFBC}") = "016_Dynamic", "Dynamic16\016_Dynamic.csproj", "{83265C5C-86DF-4AF8-BA3D-5E6FF566B75E}"
EndProject
Project("{FAE04EC0-301F-11D3-BF4B-00C04F79EFBC}") = "017_Dynamic", "Dynamic17\017_Dynamic.csproj", "{8E32547D-EE2F-4D43-8651-FE7E67E8A674}"
EndProject
Global
	GlobalSection(SolutionConfigurationPlatforms) = preSolution
		Debug|x86 = Debug|x86
		Release|x86 = Release|x86
	EndGlobalSection
	GlobalSection(ProjectConfigurationPlatforms) = postSolution
		{B257FD54-D0B1-4F56-8378-FE733F2207FE}.Debug|x86.ActiveCfg = Debug|x86
		{B257FD54-D0B1-4F56-8378-FE733F2207FE}.Debug|x86.Build.0 = Debug|x86
		{B257FD54-D0B1-4F56-8378-FE733F2207FE}.Release|x86.ActiveCfg = Release|x86
		{B257FD54-D0B1-4F56-8378-FE733F2207FE}.Release|x86.Build.0 = Release|x86
		{1AF1CC17-ADA4-46F7-88EA-FE0E1FFED9C5}.Debug|x86.ActiveCfg = Debug|x86
		{1AF1CC17-ADA4-46F7-88EA-FE0E1FFED9C5}.Debug|x86.Build.0 = Debug|x86
		{1AF1CC17-ADA4-46F7-88EA-FE0E1FFED9C5}.Release|x86.ActiveCfg = Release|x86
		{1AF1CC17-ADA4-46F7-88EA-FE0E1FFED9C5}.Release|x86.Build.0 = Release|x86
		{A4DBDC0D-1F86-4900-8A4A-DCCDB586F34A}.Debug|x86.ActiveCfg = Debug|x86
		{A4DBDC0D-1F86-4900-8A4A-DCCDB586F34A}.Debug|x86.Build.0 = Debug|x86
		{A4DBDC0D-1F86-4900-8A4A-DCCDB586F34A}.Release|x86.ActiveCfg = Release|x86
		{A4DBDC0D-1F86-4900-8A4A-DCCDB586F34A}.Release|x86.Build.0 = Release|x86
		{9F85C103-ED7D-45E1-A47B-5741356CBA8E}.Debug|x86.ActiveCfg = Debug|x86
		{9F85C103-ED7D-45E1-A47B-5741356CBA8E}.Debug|x86.Build.0 = Debug|x86
		{9F85C103-ED7D-45E1-A47B-5741356CBA8E}.Release|x86.ActiveCfg = Release|x86
		{9F85C103-ED7D-45E1-A47B-5741356CBA8E}.Release|x86.Build.0 = Release|x86
		{0E947E6D-25A1-4103-AF7E-95ECDC099911}.Debug|x86.ActiveCfg = Debug|x86
		{0E947E6D-25A1-4103-AF7E-95ECDC099911}.Debug|x86.Build.0 = Debug|x86
		{0E947E6D-25A1-4103-AF7E-95ECDC099911}.Release|x86.ActiveCfg = Release|x86
		{0E947E6D-25A1-4103-AF7E-95ECDC099911}.Release|x86.Build.0 = Release|x86
		{3BFF1772-AA91-449C-A04A-E97D0105D8A1}.Debug|x86.ActiveCfg = Debug|x86
		{3BFF1772-AA91-449C-A04A-E97D0105D8A1}.Debug|x86.Build.0 = Debug|x86
		{3BFF1772-AA91-449C-A04A-E97D0105D8A1}.Release|x86.ActiveCfg = Release|x86
		{3BFF1772-AA91-449C-A04A-E97D0105D8A1}.Release|x86.Build.0 = Release|x86
		{17007EE1-1EF3-4EDD-A37F-5FE76FEA8A96}.Debug|x86.ActiveCfg = Debug|x86
		{17007EE1-1EF3-4EDD-A37F-5FE76FEA8A96}.Debug|x86.Build.0 = Debug|x86
		{17007EE1-1EF3-4EDD-A37F-5FE76FEA8A96}.Release|x86.ActiveCfg = Release|x86
		{17007EE1-1EF3-4EDD-A37F-5FE76FEA8A96}.Release|x86.Build.0 = Release|x86
		{489E2AE0-E738-4E3C-BA3E-6A4305704D9E}.Debug|x86.ActiveCfg = Debug|x86
		{489E2AE0-E738-4E3C-BA3E-6A4305704D9E}.Debug|x86.Build.0 = Debug|x86
		{489E2AE0-E738-4E3C-BA3E-6A4305704D9E}.Release|x86.ActiveCfg = Release|x86
		{489E2AE0-E738-4E3C-BA3E-6A4305704D9E}.Release|x86.Build.0 = Release|x86
		{1F443A8F-E41E-4AFB-BA52-2DC58BAAD220}.Debug|x86.ActiveCfg = Debug|x86
		{1F443A8F-E41E-4AFB-BA52-2DC58BAAD220}.Debug|x86.Build.0 = Debug|x86
		{1F443A8F-E41E-4AFB-BA52-2DC58BAAD220}.Release|x86.ActiveCfg = Release|x86
		{1F443A8F-E41E-4AFB-BA52-2DC58BAAD220}.Release|x86.Build.0 = Release|x86
		{ACB16C74-A9AB-450F-AE2E-232B3050F94E}.Debug|x86.ActiveCfg = Debug|x86
		{ACB16C74-A9AB-450F-AE2E-232B3050F94E}.Debug|x86.Build.0 = Debug|x86
		{ACB16C74-A9AB-450F-AE2E-232B3050F94E}.Release|x86.ActiveCfg = Release|x86
		{ACB16C74-A9AB-450F-AE2E-232B3050F94E}.Release|x86.Build.0 = Release|x86
		{EEBEA651-8D82-4FAF-8773-5CD95931B983}.Debug|x86.ActiveCfg = Debug|x86
		{EEBEA651-8D82-4FAF-8773-5CD95931B983}.Debug|x86.Build.0 = Debug|x86
		{EEBEA651-8D82-4FAF-8773-5CD95931B983}.Release|x86.ActiveCfg = Release|x86
		{EEBEA651-8D82-4FAF-8773-5CD95931B983}.Release|x86.Build.0 = Release|x86
		{EF72F100-FABE-4EC4-9828-3B7D664894BB}.Debug|x86.ActiveCfg = Debug|x86
		{EF72F100-FABE-4EC4-9828-3B7D664894BB}.Debug|x86.Build.0 = Debug|x86
		{EF72F100-FABE-4EC4-9828-3B7D664894BB}.Release|x86.ActiveCfg = Release|x86
		{EF72F100-FABE-4EC4-9828-3B7D664894BB}.Release|x86.Build.0 = Release|x86
		{66318AAF-FE26-4C3B-B8BB-87AF3FACD530}.Debug|x86.ActiveCfg = Debug|x86
		{66318AAF-FE26-4C3B-B8BB-87AF3FACD530}.Debug|x86.Build.0 = Debug|x86
		{66318AAF-FE26-4C3B-B8BB-87AF3FACD530}.Release|x86.ActiveCfg = Release|x86
		{66318AAF-FE26-4C3B-B8BB-87AF3FACD530}.Release|x86.Build.0 = Release|x86
		{6AE28D8C-B426-4AF3-AC74-7740C6D7F27F}.Debug|x86.ActiveCfg = Debug|x86
		{6AE28D8C-B426-4AF3-AC74-7740C6D7F27F}.Debug|x86.Build.0 = Debug|x86
		{6AE28D8C-B426-4AF3-AC74-7740C6D7F27F}.Release|x86.ActiveCfg = Release|x86
		{6AE28D8C-B426-4AF3-AC74-7740C6D7F27F}.Release|x86.Build.0 = Release|x86
		{AFC49498-D7B1-409F-A0A0-389009ED6C40}.Debug|x86.ActiveCfg = Debug|x86
		{AFC49498-D7B1-409F-A0A0-389009ED6C40}.Debug|x86.Build.0 = Debug|x86
		{AFC49498-D7B1-409F-A0A0-389009ED6C40}.Release|x86.ActiveCfg = Release|x86
		{AFC49498-D7B1-409F-A0A0-389009ED6C40}.Release|x86.Build.0 = Release|x86
		{83265C5C-86DF-4AF8-BA3D-5E6FF566B75E}.Debug|x86.ActiveCfg = Debug|x86
		{83265C5C-86DF-4AF8-BA3D-5E6FF566B75E}.Debug|x86.Build.0 = Debug|x86
		{83265C5C-86DF-4AF8-BA3D-5E6FF566B75E}.Release|x86.ActiveCfg = Release|x86
		{83265C5C-86DF-4AF8-BA3D-5E6FF566B75E}.Release|x86.Build.0 = Release|x86
		{8E32547D-EE2F-4D43-8651-FE7E67E8A674}.Debug|x86.ActiveCfg = Debug|x86
		{8E32547D-EE2F-4D43-8651-FE7E67E8A674}.Debug|x86.Build.0 = Debug|x86
		{8E32547D-EE2F-4D43-8651-FE7E67E8A674}.Release|x86.ActiveCfg = Release|x86
		{8E32547D-EE2F-4D43-8651-FE7E67E8A674}.Release|x86.Build.0 = Release|x86
	EndGlobalSection
	GlobalSection(SolutionProperties) = preSolution
		HideSolutionNode = FALSE
	EndGlobalSection
EndGlobal
