
Microsoft Visual Studio Solution File, Format Version 12.00
# Visual Studio 11
Project("{FAE04EC0-301F-11D3-BF4B-00C04F79EFBC}") = "РисФигур", "РисФигур\РисФигур.csproj", "{5267A0DE-4FE0-4726-BF05-43D4C1FD18DB}"
EndProject
Global
	GlobalSection(SolutionConfigurationPlatforms) = preSolution
		Debug|Any CPU = Debug|Any CPU
		Release|Any CPU = Release|Any CPU
	EndGlobalSection
	GlobalSection(ProjectConfigurationPlatforms) = postSolution
		{5267A0DE-4FE0-4726-BF05-43D4C1FD18DB}.Debug|Any CPU.ActiveCfg = Debug|Any CPU
		{5267A0DE-4FE0-4726-BF05-43D4C1FD18DB}.Debug|Any CPU.Build.0 = Debug|Any CPU
		{5267A0DE-4FE0-4726-BF05-43D4C1FD18DB}.Release|Any CPU.ActiveCfg = Release|Any CPU
		{5267A0DE-4FE0-4726-BF05-43D4C1FD18DB}.Release|Any CPU.Build.0 = Release|Any CPU
	EndGlobalSection
	GlobalSection(SolutionProperties) = preSolution
		HideSolutionNode = FALSE
	EndGlobalSection
EndGlobal
