
Microsoft Visual Studio Solution File, Format Version 12.00
# Visual Studio Express 2013 for Windows Desktop
VisualStudioVersion = 12.0.21005.1
MinimumVisualStudioVersion = 10.0.40219.1
Project("{FAE04EC0-301F-11D3-BF4B-00C04F79EFBC}") = "AdditionTask", "AdditionTask\AdditionTask.csproj", "{6E52318C-C868-4AC4-A134-44DD8BA9E8F1}"
EndProject
Project("{FAE04EC0-301F-11D3-BF4B-00C04F79EFBC}") = "Task_1", "Task_1\Task_1.csproj", "{0CCAE306-B0D6-4680-8E71-0F3F5FF75B87}"
EndProject
Project("{FAE04EC0-301F-11D3-BF4B-00C04F79EFBC}") = "Task_2", "Task_2\Task_2.csproj", "{08DC27DF-ED75-46E0-988B-1550134F3BEB}"
EndProject
Global
	GlobalSection(SolutionConfigurationPlatforms) = preSolution
		Debug|Any CPU = Debug|Any CPU
		Release|Any CPU = Release|Any CPU
	EndGlobalSection
	GlobalSection(ProjectConfigurationPlatforms) = postSolution
		{6E52318C-C868-4AC4-A134-44DD8BA9E8F1}.Debug|Any CPU.ActiveCfg = Debug|Any CPU
		{6E52318C-C868-4AC4-A134-44DD8BA9E8F1}.Debug|Any CPU.Build.0 = Debug|Any CPU
		{6E52318C-C868-4AC4-A134-44DD8BA9E8F1}.Release|Any CPU.ActiveCfg = Release|Any CPU
		{6E52318C-C868-4AC4-A134-44DD8BA9E8F1}.Release|Any CPU.Build.0 = Release|Any CPU
		{0CCAE306-B0D6-4680-8E71-0F3F5FF75B87}.Debug|Any CPU.ActiveCfg = Debug|Any CPU
		{0CCAE306-B0D6-4680-8E71-0F3F5FF75B87}.Debug|Any CPU.Build.0 = Debug|Any CPU
		{0CCAE306-B0D6-4680-8E71-0F3F5FF75B87}.Release|Any CPU.ActiveCfg = Release|Any CPU
		{0CCAE306-B0D6-4680-8E71-0F3F5FF75B87}.Release|Any CPU.Build.0 = Release|Any CPU
		{08DC27DF-ED75-46E0-988B-1550134F3BEB}.Debug|Any CPU.ActiveCfg = Debug|Any CPU
		{08DC27DF-ED75-46E0-988B-1550134F3BEB}.Debug|Any CPU.Build.0 = Debug|Any CPU
		{08DC27DF-ED75-46E0-988B-1550134F3BEB}.Release|Any CPU.ActiveCfg = Release|Any CPU
		{08DC27DF-ED75-46E0-988B-1550134F3BEB}.Release|Any CPU.Build.0 = Release|Any CPU
	EndGlobalSection
	GlobalSection(SolutionProperties) = preSolution
		HideSolutionNode = FALSE
	EndGlobalSection
EndGlobal
